{
    "requires": true,
    "lockfileVersion": 1,
    "dependencies": {
        "@babel/runtime": {
            "version": "7.5.5",
            "resolved": "https://registry.npmjs.org/@babel/runtime/-/runtime-7.5.5.tgz",
            "integrity": "sha512-28QvEGyQyNkB0/m2B4FU7IEZGK2NUrcMtT6BZEFALTguLk+AUT6ofsHtPk5QyjAdUkpMJ+/Em+quwz4HOt30AQ==",
            "requires": {
                "regenerator-runtime": "^0.13.2"
            }
        },
        "@babel/runtime-corejs2": {
            "version": "7.5.5",
            "resolved": "https://registry.npmjs.org/@babel/runtime-corejs2/-/runtime-corejs2-7.5.5.tgz",
            "integrity": "sha512-FYATQVR00NSNi7mUfpPDp7E8RYMXDuO8gaix7u/w3GekfUinKgX1AcTxs7SoiEmoEW9mbpjrwqWSW6zCmw5h8A==",
            "requires": {
                "core-js": "^2.6.5",
                "regenerator-runtime": "^0.13.2"
            }
        },
        "@types/node": {
            "version": "12.7.2",
            "resolved": "https://registry.npmjs.org/@types/node/-/node-12.7.2.tgz",
            "integrity": "sha512-dyYO+f6ihZEtNPDcWNR1fkoTDf3zAK3lAABDze3mz6POyIercH0lEUawUFXlG8xaQZmm1yEBON/4TsYv/laDYg=="
        },
        "ajv": {
            "version": "6.10.2",
            "resolved": "https://registry.npmjs.org/ajv/-/ajv-6.10.2.tgz",
            "integrity": "sha512-TXtUUEYHuaTEbLZWIKUr5pmBuhDLy+8KYtPYdcV8qC+pOZL+NKqYwvWSRrVXHn+ZmRRAu8vJTAznH7Oag6RVRw==",
            "requires": {
                "fast-deep-equal": "^2.0.1",
                "fast-json-stable-stringify": "^2.0.0",
                "json-schema-traverse": "^0.4.1",
                "uri-js": "^4.2.2"
            }
        },
        "asap": {
            "version": "2.0.6",
            "resolved": "https://registry.npmjs.org/asap/-/asap-2.0.6.tgz",
            "integrity": "sha1-5QNHYR1+aQlDIIu9r+vLwvuGbUY="
        },
        "babel-runtime": {
            "version": "6.26.0",
            "resolved": "https://registry.npmjs.org/babel-runtime/-/babel-runtime-6.26.0.tgz",
            "integrity": "sha1-llxwWGaOgrVde/4E/yM3vItWR/4=",
            "requires": {
                "core-js": "^2.4.0",
                "regenerator-runtime": "^0.11.0"
            },
            "dependencies": {
                "regenerator-runtime": {
                    "version": "0.11.1",
                    "resolved": "https://registry.npmjs.org/regenerator-runtime/-/regenerator-runtime-0.11.1.tgz",
                    "integrity": "sha512-MguG95oij0fC3QV3URf4V2SDYGJhJnJGqvIIgdECeODCT98wSWDAJ94SSuVpYQUoTcGUIL6L4yNB7j1DFFHSBg=="
                }
            }
        },
        "bootstrap": {
            "version": "4.3.1",
            "resolved": "https://registry.npmjs.org/bootstrap/-/bootstrap-4.3.1.tgz",
            "integrity": "sha512-rXqOmH1VilAt2DyPzluTi2blhk17bO7ef+zLLPlWvG494pDxcM234pJ8wTc/6R40UWizAIIMgxjvxZg5kmsbag=="
        },
        "brackets2dots": {
            "version": "1.1.0",
            "resolved": "https://registry.npmjs.org/brackets2dots/-/brackets2dots-1.1.0.tgz",
            "integrity": "sha1-Pz1AN1/GYM4P0AT6J9Z7NPlGmsM="
        },
        "class-autobind": {
            "version": "0.1.4",
            "resolved": "https://registry.npmjs.org/class-autobind/-/class-autobind-0.1.4.tgz",
            "integrity": "sha1-NFFsSRZ8+NP2Od3Bhrz6Imiv/zQ="
        },
        "classnames": {
            "version": "2.2.6",
            "resolved": "https://registry.npmjs.org/classnames/-/classnames-2.2.6.tgz",
            "integrity": "sha512-JR/iSQOSt+LQIWwrwEzJ9uk0xfN3mTVYMwt1Ir5mUcSN6pU+V4zQFFaJsclJbPuAUQH+yfWef6tm7l1quW3C8Q=="
        },
        "core-js": {
            "version": "2.6.9",
            "resolved": "https://registry.npmjs.org/core-js/-/core-js-2.6.9.tgz",
            "integrity": "sha512-HOpZf6eXmnl7la+cUdMnLvUxKNqLUzJvgIziQ0DiF3JwSImNphIqdGqzj6hIKyX04MmV0poclQ7+wjWvxQyR2A=="
        },
        "create-react-context": {
            "version": "0.2.3",
            "resolved": "https://registry.npmjs.org/create-react-context/-/create-react-context-0.2.3.tgz",
            "integrity": "sha512-CQBmD0+QGgTaxDL3OX1IDXYqjkp2It4RIbcb99jS6AEg27Ga+a9G3JtK6SIu0HBwPLZlmwt9F7UwWA4Bn92Rag==",
            "requires": {
                "fbjs": "^0.8.0",
                "gud": "^1.0.0"
            },
            "dependencies": {
                "core-js": {
                    "version": "1.2.7",
                    "resolved": "https://registry.npmjs.org/core-js/-/core-js-1.2.7.tgz",
                    "integrity": "sha1-ZSKUwUZR2yj6k70tX/KYOk8IxjY="
                },
                "fbjs": {
                    "version": "0.8.17",
                    "resolved": "https://registry.npmjs.org/fbjs/-/fbjs-0.8.17.tgz",
                    "integrity": "sha1-xNWY6taUkRJlPWWIsBpc3Nn5D90=",
                    "requires": {
                        "core-js": "^1.0.0",
                        "isomorphic-fetch": "^2.1.1",
                        "loose-envify": "^1.0.0",
                        "object-assign": "^4.1.0",
                        "promise": "^7.1.1",
                        "setimmediate": "^1.0.5",
                        "ua-parser-js": "^0.7.18"
                    }
                }
            }
        },
        "curry2": {
            "version": "1.0.3",
            "resolved": "https://registry.npmjs.org/curry2/-/curry2-1.0.3.tgz",
            "integrity": "sha1-OBkdVfEGC/6kfKCACThbuHj2YS8=",
            "requires": {
                "fast-bind": "^1.0.0"
            }
        },
        "debug": {
            "version": "2.6.9",
            "resolved": "https://registry.npmjs.org/debug/-/debug-2.6.9.tgz",
            "integrity": "sha512-bC7ElrdJaJnPbAP+1EotYvqZsb3ecl5wi6Bfi6BJTUcNowp6cvspg0jXznRTKDjm/E7AdgFBVeAPVMNcKGsHMA==",
            "requires": {
                "ms": "2.0.0"
            }
        },
        "dom-helpers": {
            "version": "3.4.0",
            "resolved": "https://registry.npmjs.org/dom-helpers/-/dom-helpers-3.4.0.tgz",
            "integrity": "sha512-LnuPJ+dwqKDIyotW1VzmOZ5TONUN7CwkCR5hrgawTUbkBGYdeoNLZo6nNfGkCrjtE1nXXaj7iMMpDa8/d9WoIA==",
            "requires": {
                "@babel/runtime": "^7.1.2"
            }
        },
        "dotsplit.js": {
            "version": "1.1.0",
            "resolved": "https://registry.npmjs.org/dotsplit.js/-/dotsplit.js-1.1.0.tgz",
            "integrity": "sha1-JaI56r6SKpH/pdKhctbJ+4JFHgI="
        },
        "draft-js": {
            "version": "0.10.5",
            "resolved": "https://registry.npmjs.org/draft-js/-/draft-js-0.10.5.tgz",
            "integrity": "sha512-LE6jSCV9nkPhfVX2ggcRLA4FKs6zWq9ceuO/88BpXdNCS7mjRTgs0NsV6piUCJX9YxMsB9An33wnkMmU2sD2Zg==",
            "requires": {
                "fbjs": "^0.8.15",
                "immutable": "~3.7.4",
                "object-assign": "^4.1.0"
            },
            "dependencies": {
                "immutable": {
                    "version": "3.7.6",
                    "resolved": "https://registry.npmjs.org/immutable/-/immutable-3.7.6.tgz",
                    "integrity": "sha1-E7TTyxK++hVIKib+Gy665kAHHks="
                }
            }
        },
        "draft-js-export-html": {
            "version": "1.4.1",
            "resolved": "https://registry.npmjs.org/draft-js-export-html/-/draft-js-export-html-1.4.1.tgz",
            "integrity": "sha512-G4VGBSalPowktIE4wp3rFbhjs+Ln9IZ2FhXeHjsZDSw0a2+h+BjKu5Enq+mcsyVb51RW740GBK8Xbf7Iic51tw==",
            "requires": {
                "draft-js-utils": "^1.4.0"
            }
        },
        "draft-js-export-markdown": {
            "version": "1.4.0",
            "resolved": "https://registry.npmjs.org/draft-js-export-markdown/-/draft-js-export-markdown-1.4.0.tgz",
            "integrity": "sha512-blfAvlhGhjVlHNaZ5WJKlrXhcftnwwC5VC+Eu3ztOGpGLaOom4hxhBjbKEWjvbQZJ9zL+xo57ukm39prYZMG5Q==",
            "requires": {
                "draft-js-utils": "^1.4.0"
            }
        },
        "draft-js-import-element": {
            "version": "1.4.0",
            "resolved": "https://registry.npmjs.org/draft-js-import-element/-/draft-js-import-element-1.4.0.tgz",
            "integrity": "sha512-WmYT5PrCm47lGL5FkH6sRO3TTAcn7qNHsD3igiPqLG/RXrqyKrqN4+wBgbcT2lhna/yfWTRtgzAbQsSJoS1Meg==",
            "requires": {
                "draft-js-utils": "^1.4.0",
                "synthetic-dom": "^1.4.0"
            }
        },
        "draft-js-import-html": {
            "version": "1.4.1",
            "resolved": "https://registry.npmjs.org/draft-js-import-html/-/draft-js-import-html-1.4.1.tgz",
            "integrity": "sha512-KOZmtgxZriCDgg5Smr3Y09TjubvXe7rHPy/2fuLSsL+aSzwUDwH/aHDA/k47U+WfpmL4qgyg4oZhqx9TYJV0tg==",
            "requires": {
                "draft-js-import-element": "^1.4.0"
            }
        },
        "draft-js-import-markdown": {
            "version": "1.4.0",
            "resolved": "https://registry.npmjs.org/draft-js-import-markdown/-/draft-js-import-markdown-1.4.0.tgz",
            "integrity": "sha512-mpKUxzDM+x7W+eCZegCAxl3QJzNGA3Y+DbBMMekzCdPHONLJAZ1QYYjegbXa6+pZGq8FAIhgWaVbfKWMb8M8dQ==",
            "requires": {
                "draft-js-import-element": "^1.4.0",
                "synthetic-dom": "^1.4.0"
            }
        },
        "draft-js-utils": {
            "version": "1.4.0",
            "resolved": "https://registry.npmjs.org/draft-js-utils/-/draft-js-utils-1.4.0.tgz",
            "integrity": "sha512-8s9FFuKC+lOWGwJ0b3om2PF+uXrqQPaEQlPJI7UxdzxTYGMeKouMPA9+YlPn52zcAVElIZtd2tXj6eQmvlKelw=="
        },
        "draftjs-to-html": {
            "version": "0.8.4",
            "resolved": "https://registry.npmjs.org/draftjs-to-html/-/draftjs-to-html-0.8.4.tgz",
            "integrity": "sha512-+4hekxc8dTJvKk6usiEsFX9O1uOD9vLZZOs9ZI3RhTe89yNmtazYII/ILDXfbMPfzNaYfX7Gf3zjRm6UUFxqyg=="
        },
        "draftjs-utils": {
            "version": "0.9.4",
            "resolved": "https://registry.npmjs.org/draftjs-utils/-/draftjs-utils-0.9.4.tgz",
            "integrity": "sha512-KYjABSbGpJrwrwmxVj5UhfV37MF/p0QRxKIyL+/+QOaJ8J9z1FBKxkblThbpR0nJi9lxPQWGg+gh+v0dAsSCCg=="
        },
        "encoding": {
            "version": "0.1.12",
            "resolved": "https://registry.npmjs.org/encoding/-/encoding-0.1.12.tgz",
            "integrity": "sha1-U4tm8+5izRq1HsMjgp0flIDHS+s=",
            "requires": {
                "iconv-lite": "~0.4.13"
            }
        },
        "es6-shim": {
            "version": "0.35.5",
            "resolved": "https://registry.npmjs.org/es6-shim/-/es6-shim-0.35.5.tgz",
            "integrity": "sha512-E9kK/bjtCQRpN1K28Xh4BlmP8egvZBGJJ+9GtnzOwt7mdqtrjHFuVGr7QJfdjBIKqrlU5duPf3pCBoDrkjVYFg=="
        },
        "escape-string-regexp": {
            "version": "1.0.5",
            "resolved": "https://registry.npmjs.org/escape-string-regexp/-/escape-string-regexp-1.0.5.tgz",
            "integrity": "sha1-G2HAViGQqN/2rjuyzwIAyhMLhtQ="
        },
        "exenv": {
            "version": "1.2.2",
            "resolved": "https://registry.npmjs.org/exenv/-/exenv-1.2.2.tgz",
            "integrity": "sha1-KueOhdmJQVhnCwPUe+wfA72Ru50="
        },
        "fast-bind": {
            "version": "1.0.0",
            "resolved": "https://registry.npmjs.org/fast-bind/-/fast-bind-1.0.0.tgz",
            "integrity": "sha1-f6llLLMyX1zR4lLWy08WDeGnbnU="
        },
        "fast-deep-equal": {
            "version": "2.0.1",
            "resolved": "https://registry.npmjs.org/fast-deep-equal/-/fast-deep-equal-2.0.1.tgz",
            "integrity": "sha1-ewUhjd+WZ79/Nwv3/bLLFf3Qqkk="
        },
        "fast-json-stable-stringify": {
            "version": "2.0.0",
            "resolved": "https://registry.npmjs.org/fast-json-stable-stringify/-/fast-json-stable-stringify-2.0.0.tgz",
            "integrity": "sha1-1RQsDK7msRifh9OnYREGT4bIu/I="
        },
        "fbjs": {
            "version": "0.8.17",
            "resolved": "https://registry.npmjs.org/fbjs/-/fbjs-0.8.17.tgz",
            "integrity": "sha1-xNWY6taUkRJlPWWIsBpc3Nn5D90=",
            "requires": {
                "core-js": "^1.0.0",
                "isomorphic-fetch": "^2.1.1",
                "loose-envify": "^1.0.0",
                "object-assign": "^4.1.0",
                "promise": "^7.1.1",
                "setimmediate": "^1.0.5",
                "ua-parser-js": "^0.7.18"
            },
            "dependencies": {
                "core-js": {
                    "version": "1.2.7",
                    "resolved": "https://registry.npmjs.org/core-js/-/core-js-1.2.7.tgz",
                    "integrity": "sha1-ZSKUwUZR2yj6k70tX/KYOk8IxjY="
                }
            }
        },
        "gud": {
            "version": "1.0.0",
            "resolved": "https://registry.npmjs.org/gud/-/gud-1.0.0.tgz",
            "integrity": "sha512-zGEOVKFM5sVPPrYs7J5/hYEw2Pof8KCyOwyhG8sAF26mCAeUFAcYPu1mwB7hhpIP29zOIBaDqwuHdLp0jvZXjw=="
        },
        "html-to-draftjs": {
            "version": "1.4.0",
            "resolved": "https://registry.npmjs.org/html-to-draftjs/-/html-to-draftjs-1.4.0.tgz",
            "integrity": "sha1-ijy7ultJ1QvozoXMCLES1b8A/B0="
        },
        "iconv-lite": {
            "version": "0.4.24",
            "resolved": "https://registry.npmjs.org/iconv-lite/-/iconv-lite-0.4.24.tgz",
            "integrity": "sha512-v3MXnZAcvnywkTUEZomIActle7RXXeedOR31wwl7VlyoXO4Qi9arvSenNQWne1TcRwhCL1HwLI21bEqdpj8/rA==",
            "requires": {
                "safer-buffer": ">= 2.1.2 < 3"
            }
        },
        "immutable": {
            "version": "3.8.2",
            "resolved": "https://registry.npmjs.org/immutable/-/immutable-3.8.2.tgz",
            "integrity": "sha1-wkOZUUVbs5kT2vKBN28VMOEErfM="
        },
        "invariant": {
            "version": "2.2.4",
            "resolved": "https://registry.npmjs.org/invariant/-/invariant-2.2.4.tgz",
            "integrity": "sha512-phJfQVBuaJM5raOpJjSfkiD6BpbCE4Ns//LaXl6wGYtUBY83nWS6Rf9tXm2e8VaK60JEjYldbPif/A2B1C2gNA==",
            "requires": {
                "loose-envify": "^1.0.0"
            }
        },
        "is-stream": {
            "version": "1.1.0",
            "resolved": "https://registry.npmjs.org/is-stream/-/is-stream-1.1.0.tgz",
            "integrity": "sha1-EtSj3U5o4Lec6428hBc66A2RykQ="
        },
        "isomorphic-fetch": {
            "version": "2.2.1",
            "resolved": "https://registry.npmjs.org/isomorphic-fetch/-/isomorphic-fetch-2.2.1.tgz",
            "integrity": "sha1-YRrhrPFPXoH3KVB0coGf6XM1WKk=",
            "requires": {
                "node-fetch": "^1.0.1",
                "whatwg-fetch": ">=0.10.0"
            }
        },
        "jquery": {
            "version": "3.4.1",
            "resolved": "https://registry.npmjs.org/jquery/-/jquery-3.4.1.tgz",
            "integrity": "sha512-36+AdBzCL+y6qjw5Tx7HgzeGCzC81MDDgaUP8ld2zhx58HdqXGoBd+tHdrBMiyjGQs0Hxs/MLZTu/eHNJJuWPw=="
        },
        "js-tokens": {
            "version": "4.0.0",
            "resolved": "https://registry.npmjs.org/js-tokens/-/js-tokens-4.0.0.tgz",
            "integrity": "sha512-RdJUflcE3cUzKiMqQgsCu06FPu9UdIJO0beYbPhHN4k6apgJtifcoCtT9bcxOpYBtpD2kCM6Sbzg4CausW/PKQ=="
        },
        "json-schema-traverse": {
            "version": "0.4.1",
            "resolved": "https://registry.npmjs.org/json-schema-traverse/-/json-schema-traverse-0.4.1.tgz",
            "integrity": "sha512-xbbCH5dCYU5T8LcEhhuh7HJ88HXuW3qsI3Y0zOZFKfZEHcpWiHU/Jxzk629Brsab/mMiHQti9wMP+845RPe3Vg=="
        },
        "linkify-it": {
            "version": "2.2.0",
            "resolved": "https://registry.npmjs.org/linkify-it/-/linkify-it-2.2.0.tgz",
            "integrity": "sha512-GnAl/knGn+i1U/wjBz3akz2stz+HrHLsxMwHQGofCDfPvlf+gDKN58UtfmUquTY4/MXeE2x7k19KQmeoZi94Iw==",
            "requires": {
                "uc.micro": "^1.0.1"
            }
        },
        "lodash": {
            "version": "4.17.15",
            "resolved": "https://registry.npmjs.org/lodash/-/lodash-4.17.15.tgz",
            "integrity": "sha512-8xOcRHvCjnocdS5cpwXQXVzmmh5e5+saE2QGoeQmbKmRS6J3VQppPOIt0MnmE+4xlZoumy0GPG0D0MVIQbNA1A=="
        },
        "lodash.debounce": {
            "version": "4.0.8",
            "resolved": "https://registry.npmjs.org/lodash.debounce/-/lodash.debounce-4.0.8.tgz",
            "integrity": "sha1-gteb/zCmfEAF/9XiUVMArZyk168="
        },
        "lodash.get": {
            "version": "4.4.2",
            "resolved": "https://registry.npmjs.org/lodash.get/-/lodash.get-4.4.2.tgz",
            "integrity": "sha1-LRd/ZS+jHpObRDjVNBSZ36OCXpk="
        },
        "lodash.pick": {
            "version": "4.4.0",
            "resolved": "https://registry.npmjs.org/lodash.pick/-/lodash.pick-4.4.0.tgz",
            "integrity": "sha1-UvBWEP/53tQiYRRB7R/BI6AwAbM="
        },
        "lodash.topath": {
            "version": "4.5.2",
            "resolved": "https://registry.npmjs.org/lodash.topath/-/lodash.topath-4.5.2.tgz",
            "integrity": "sha1-NhY1Hzu6YZlKCTGYlmC9AyVP0Ak="
        },
        "loose-envify": {
            "version": "1.4.0",
            "resolved": "https://registry.npmjs.org/loose-envify/-/loose-envify-1.4.0.tgz",
            "integrity": "sha512-lyuxPGr/Wfhrlem2CL/UcnUc1zcqKAImBDzukY7Y5F/yQiNdko6+fRLevlw1HgMySw7f611UIY408EtxRSoK3Q==",
            "requires": {
                "js-tokens": "^3.0.0 || ^4.0.0"
            }
        },
        "moment": {
            "version": "2.24.0",
            "resolved": "https://registry.npmjs.org/moment/-/moment-2.24.0.tgz",
            "integrity": "sha512-bV7f+6l2QigeBBZSM/6yTNq4P2fNpSWj/0e7jQcy87A8e7o2nAfP/34/2ky5Vw4B9S446EtIhodAzkFCcR4dQg=="
        },
        "ms": {
            "version": "2.0.0",
            "resolved": "https://registry.npmjs.org/ms/-/ms-2.0.0.tgz",
            "integrity": "sha1-VgiurfwAvmwpAd9fmGF4jeDVl8g="
        },
        "nanoid": {
            "version": "2.0.3",
            "resolved": "https://registry.npmjs.org/nanoid/-/nanoid-2.0.3.tgz",
            "integrity": "sha512-NbaoqdhIYmY6FXDRB4eYtDVC9Z9eCbn8TyaiC16LNKtpPv/aqa0tOPD8y6gNE4yUNnaZ7LLhYtXOev/6+cBtfw=="
        },
        "node-fetch": {
            "version": "1.7.3",
            "resolved": "https://registry.npmjs.org/node-fetch/-/node-fetch-1.7.3.tgz",
            "integrity": "sha512-NhZ4CsKx7cYm2vSrBAr2PvFOe6sWDf0UYLRqA6svUYg7+/TSfVAu49jYC4BvQ4Sms9SZgdqGBgroqfDhJdTyKQ==",
            "requires": {
                "encoding": "^0.1.11",
                "is-stream": "^1.0.1"
            }
        },
        "object-assign": {
            "version": "4.1.1",
            "resolved": "https://registry.npmjs.org/object-assign/-/object-assign-4.1.1.tgz",
            "integrity": "sha1-IQmtx5ZYh8/AXLvUQsrIv7s2CGM="
        },
        "parse5": {
            "version": "3.0.3",
            "resolved": "https://registry.npmjs.org/parse5/-/parse5-3.0.3.tgz",
            "integrity": "sha512-rgO9Zg5LLLkfJF9E6CCmXlSE4UVceloys8JrFqCcHloC3usd/kJCyPDwH2SOlzix2j3xaP9sUX3e8+kvkuleAA==",
            "requires": {
                "@types/node": "*"
            }
        },
        "popper.js": {
            "version": "1.15.0",
            "resolved": "https://registry.npmjs.org/popper.js/-/popper.js-1.15.0.tgz",
            "integrity": "sha512-w010cY1oCUmI+9KwwlWki+r5jxKfTFDVoadl7MSrIujHU5MJ5OR6HTDj6Xo8aoR/QsA56x8jKjA59qGH4ELtrA=="
        },
        "promise": {
            "version": "7.3.1",
            "resolved": "https://registry.npmjs.org/promise/-/promise-7.3.1.tgz",
            "integrity": "sha512-nolQXZ/4L+bP/UGlkfaIujX9BKxGwmQ9OT4mOt5yvy8iK1h3wqTEJCijzGANTCCl9nWjY41juyAn2K3Q1hLLTg==",
            "requires": {
                "asap": "~2.0.3"
            }
        },
        "prop-types": {
            "version": "15.7.2",
            "resolved": "https://registry.npmjs.org/prop-types/-/prop-types-15.7.2.tgz",
            "integrity": "sha512-8QQikdH7//R2vurIJSutZ1smHYTcLpRWEOlHnzcWHmBYrOGUysKwSsrC89BCiFj3CbrfJ/nXFdJepOVrY1GCHQ==",
            "requires": {
                "loose-envify": "^1.4.0",
                "object-assign": "^4.1.1",
                "react-is": "^16.8.1"
            }
        },
        "prop-types-extra": {
            "version": "1.1.0",
            "resolved": "https://registry.npmjs.org/prop-types-extra/-/prop-types-extra-1.1.0.tgz",
            "integrity": "sha512-QFyuDxvMipmIVKD2TwxLVPzMnO4e5oOf1vr3tJIomL8E7d0lr6phTHd5nkPhFIzTD1idBLLEPeylL9g+rrTzRg==",
            "requires": {
                "react-is": "^16.3.2",
                "warning": "^3.0.0"
            },
            "dependencies": {
                "warning": {
                    "version": "3.0.0",
                    "resolved": "https://registry.npmjs.org/warning/-/warning-3.0.0.tgz",
                    "integrity": "sha1-MuU3fLVy3kqwR1O9+IIcAe1gW3w=",
                    "requires": {
                        "loose-envify": "^1.0.0"
                    }
                }
            }
        },
        "punycode": {
            "version": "2.1.1",
            "resolved": "https://registry.npmjs.org/punycode/-/punycode-2.1.1.tgz",
            "integrity": "sha512-XRsRjdf+j5ml+y/6GKHPZbrF/8p2Yga0JPtdqTIY2Xe5ohJPD9saDJJLPvp9+NSBprVvevdXZybnj2cv8OEd0A=="
        },
        "react": {
            "version": "16.9.0",
            "resolved": "https://registry.npmjs.org/react/-/react-16.9.0.tgz",
            "integrity": "sha512-+7LQnFBwkiw+BobzOF6N//BdoNw0ouwmSJTEm9cglOOmsg/TMiFHZLe2sEoN5M7LgJTj9oHH0gxklfnQe66S1w==",
            "requires": {
                "loose-envify": "^1.1.0",
                "object-assign": "^4.1.1",
                "prop-types": "^15.6.2"
            }
        },
        "react-attr-converter": {
            "version": "0.3.1",
            "resolved": "https://registry.npmjs.org/react-attr-converter/-/react-attr-converter-0.3.1.tgz",
            "integrity": "sha512-dSxo2Mn6Zx4HajeCeQNLefwEO4kNtV/0E682R1+ZTyFRPqxDa5zYb5qM/ocqw9Bxr/kFQO0IUiqdV7wdHw+Cdg=="
        },
        "react-bootstrap-table": {
            "version": "4.3.1",
            "resolved": "https://registry.npmjs.org/react-bootstrap-table/-/react-bootstrap-table-4.3.1.tgz",
            "integrity": "sha1-9wS+Vbf2vwVX0vxb7G0l/TB9DN4=",
            "requires": {
                "classnames": "^2.1.2",
                "prop-types": "^15.5.10",
                "react-modal": "^3.1.7",
                "react-s-alert": "^1.3.2"
            }
        },
        "react-bootstrap-typeahead": {
            "version": "3.4.6",
            "resolved": "https://registry.npmjs.org/react-bootstrap-typeahead/-/react-bootstrap-typeahead-3.4.6.tgz",
            "integrity": "sha512-4oLosgG1CpPrPWljb755YigymybnghfWL9pRpaU+5uXs+GH3/f/gRMFh/GNLV2egd8iAZgy3MFhyUIKe6WZs2Q==",
            "requires": {
                "classnames": "^2.2.0",
                "create-react-context": "^0.2.3",
                "escape-string-regexp": "^1.0.5",
                "invariant": "^2.2.1",
                "lodash": "^4.17.2",
                "prop-types": "^15.5.8",
                "prop-types-extra": "^1.0.1",
                "react-overlays": "^0.8.1",
                "react-popper": "^1.0.0",
                "warning": "^4.0.1"
            }
        },
        "react-day-picker": {
            "version": "7.3.2",
            "resolved": "https://registry.npmjs.org/react-day-picker/-/react-day-picker-7.3.2.tgz",
            "integrity": "sha512-mij2j2Un/v2V2ow+hf/hFBMdl6Eis/C/YhBtlI6Xpbvh3Q6WMix78zEkCdw6i9GldafOrpnupWKofv/h5oSI4g==",
            "requires": {
                "prop-types": "^15.6.2"
            }
        },
        "react-dom": {
            "version": "16.9.0",
            "resolved": "https://registry.npmjs.org/react-dom/-/react-dom-16.9.0.tgz",
            "integrity": "sha512-YFT2rxO9hM70ewk9jq0y6sQk8cL02xm4+IzYBz75CQGlClQQ1Bxq0nhHF6OtSbit+AIahujJgb/CPRibFkMNJQ==",
            "requires": {
                "loose-envify": "^1.1.0",
                "object-assign": "^4.1.1",
                "prop-types": "^15.6.2",
                "scheduler": "^0.15.0"
            }
        },
        "react-draft-wysiwyg": {
            "version": "1.13.2",
            "resolved": "https://registry.npmjs.org/react-draft-wysiwyg/-/react-draft-wysiwyg-1.13.2.tgz",
            "integrity": "sha512-qENNISR+bxO6G/ThTD6cai+LGrzkiGt6Fx9mqecJGPmyTIYVE5odsO7yEQVNBpZhgr5TvHAvwm3IoamcuFanDw==",
            "requires": {
                "classnames": "^2.2.5",
                "draftjs-utils": "^0.9.3",
                "html-to-draftjs": "^1.4.0",
                "linkify-it": "^2.0.3",
                "prop-types": "^15.6.0"
            }
        },
        "react-is": {
            "version": "16.9.0",
            "resolved": "https://registry.npmjs.org/react-is/-/react-is-16.9.0.tgz",
            "integrity": "sha512-tJBzzzIgnnRfEm046qRcURvwQnZVXmuCbscxUO5RWrGTXpon2d4c8mI0D8WE6ydVIm29JiLB6+RslkIvym9Rjw=="
        },
        "react-jsonschema-form": {
            "version": "1.7.0",
            "resolved": "https://registry.npmjs.org/react-jsonschema-form/-/react-jsonschema-form-1.7.0.tgz",
            "integrity": "sha512-h0cPf02SzhY85nCe8C8nbR0fPUgfXAPTrv14yWuGDiti+QNcdF1taO8nIo8LO6ze9GeJVs/MN6AipmS4kB81mA==",
            "requires": {
                "@babel/runtime-corejs2": "^7.4.5",
                "ajv": "^6.7.0",
                "core-js": "^2.5.7",
                "lodash.get": "^4.4.2",
                "lodash.pick": "^4.4.0",
                "lodash.topath": "^4.5.2",
                "prop-types": "^15.5.8",
                "react-is": "^16.8.4",
                "react-lifecycles-compat": "^3.0.4",
                "shortid": "^2.2.14"
            }
        },
        "react-jsonschema-form-extras": {
            "version": "0.9.44",
            "resolved": "https://registry.npmjs.org/react-jsonschema-form-extras/-/react-jsonschema-form-extras-0.9.44.tgz",
            "integrity": "sha512-V1nnLI7KUedieh6zWmA6jsFD008+UFxKYipopChe9sVhNcsLb25wHauMGD6+tDPNzKsnVWKT7hr6FN3iZCtEdQ==",
            "requires": {
                "classnames": "^2.2.6",
                "draftjs-to-html": "^0.8.4",
                "es6-shim": "^0.35.5",
                "html-to-draftjs": "^1.4.0",
                "lodash.debounce": "^4.0.8",
                "react-draft-wysiwyg": "^1.12.13",
                "react-render-html": "^0.6.0",
                "selectn": "^1.1.2"
            }
        },
        "react-lifecycles-compat": {
            "version": "3.0.4",
            "resolved": "https://registry.npmjs.org/react-lifecycles-compat/-/react-lifecycles-compat-3.0.4.tgz",
            "integrity": "sha512-fBASbA6LnOU9dOU2eW7aQ8xmYBSXUIWr+UmF9b1efZBazGNO+rcXT/icdKnYm2pTwcRylVUYwW7H1PHfLekVzA=="
        },
        "react-modal": {
            "version": "3.9.1",
            "resolved": "https://registry.npmjs.org/react-modal/-/react-modal-3.9.1.tgz",
            "integrity": "sha512-k+TUkhGWpIVHLsEyjNmlyOYL0Uz03fNZvlkhCImd1h+6fhNgTi6H6jexVXPVhD2LMMDzJyfugxMN+APN/em+eQ==",
            "requires": {
                "exenv": "^1.2.0",
                "prop-types": "^15.5.10",
                "react-lifecycles-compat": "^3.0.0",
                "warning": "^4.0.3"
            }
        },
        "react-overlays": {
            "version": "0.8.3",
            "resolved": "https://registry.npmjs.org/react-overlays/-/react-overlays-0.8.3.tgz",
            "integrity": "sha512-h6GT3jgy90PgctleP39Yu3eK1v9vaJAW73GOA/UbN9dJ7aAN4BTZD6793eI1D5U+ukMk17qiqN/wl3diK1Z5LA==",
            "requires": {
                "classnames": "^2.2.5",
                "dom-helpers": "^3.2.1",
                "prop-types": "^15.5.10",
                "prop-types-extra": "^1.0.1",
                "react-transition-group": "^2.2.0",
                "warning": "^3.0.0"
            },
            "dependencies": {
                "warning": {
                    "version": "3.0.0",
                    "resolved": "https://registry.npmjs.org/warning/-/warning-3.0.0.tgz",
                    "integrity": "sha1-MuU3fLVy3kqwR1O9+IIcAe1gW3w=",
                    "requires": {
                        "loose-envify": "^1.0.0"
                    }
                }
            }
        },
        "react-popper": {
            "version": "1.3.4",
            "resolved": "https://registry.npmjs.org/react-popper/-/react-popper-1.3.4.tgz",
            "integrity": "sha512-9AcQB29V+WrBKk6X7p0eojd1f25/oJajVdMZkywIoAV6Ag7hzE1Mhyeup2Q1QnvFRtGQFQvtqfhlEoDAPfKAVA==",
            "requires": {
                "@babel/runtime": "^7.1.2",
                "create-react-context": "^0.3.0",
                "popper.js": "^1.14.4",
                "prop-types": "^15.6.1",
                "typed-styles": "^0.0.7",
                "warning": "^4.0.2"
            },
            "dependencies": {
                "create-react-context": {
                    "version": "0.3.0",
                    "resolved": "https://registry.npmjs.org/create-react-context/-/create-react-context-0.3.0.tgz",
                    "integrity": "sha512-dNldIoSuNSvlTJ7slIKC/ZFGKexBMBrrcc+TTe1NdmROnaASuLPvqpwj9v4XS4uXZ8+YPu0sNmShX2rXI5LNsw==",
                    "requires": {
                        "gud": "^1.0.0",
                        "warning": "^4.0.3"
                    }
                }
            }
        },
        "react-render-html": {
            "version": "0.6.0",
            "resolved": "https://registry.npmjs.org/react-render-html/-/react-render-html-0.6.0.tgz",
            "integrity": "sha512-F9Xn8Iy2oJvepMdDrN+XUPOwqv3ni856ikuvu/dyJ2guozN01vF0C55Ja+CQfnziQNlLevSVXzuQKYa/mhyjAQ==",
            "requires": {
                "parse5": "^3.0.2",
                "react-attr-converter": "^0.3.1"
            }
        },
        "react-rte": {
            "version": "0.16.1",
            "resolved": "https://registry.npmjs.org/react-rte/-/react-rte-0.16.1.tgz",
            "integrity": "sha512-CD5kf+6CHqOgJ1yB0i9tkMMch13wOXW5/FQx60gb7nzhXC1ZeFJjtW9dYfCVlfw1AvksHf+lMmKTjhIwyfZR7w==",
            "requires": {
                "babel-runtime": "^6.23.0",
                "class-autobind": "^0.1.4",
                "classnames": "^2.2.5",
                "draft-js": ">=0.10.0",
                "draft-js-export-html": ">=0.6.0",
                "draft-js-export-markdown": ">=0.3.0",
                "draft-js-import-html": ">=0.4.0",
                "draft-js-import-markdown": ">=0.3.0",
                "draft-js-utils": ">=0.2.0",
                "immutable": "^3.8.1"
            }
        },
        "react-s-alert": {
            "version": "1.4.1",
            "resolved": "https://registry.npmjs.org/react-s-alert/-/react-s-alert-1.4.1.tgz",
            "integrity": "sha512-+cSpVPe6YeGklhlo7zbVlB0Z6jdiU9HPmEVzp5nIhNm9lvdL7rVO2Jx09pCwT99GmODyoN0iNhbQku6r7six8A==",
            "requires": {
                "babel-runtime": "^6.23.0"
            }
        },
        "react-transition-group": {
            "version": "2.9.0",
            "resolved": "https://registry.npmjs.org/react-transition-group/-/react-transition-group-2.9.0.tgz",
            "integrity": "sha512-+HzNTCHpeQyl4MJ/bdE0u6XRMe9+XG/+aL4mCxVN4DnPBQ0/5bfHWPDuOZUzYdMj94daZaZdCCc1Dzt9R/xSSg==",
            "requires": {
                "dom-helpers": "^3.4.0",
                "loose-envify": "^1.4.0",
                "prop-types": "^15.6.2",
                "react-lifecycles-compat": "^3.0.4"
            }
        },
        "regenerator-runtime": {
            "version": "0.13.3",
            "resolved": "https://registry.npmjs.org/regenerator-runtime/-/regenerator-runtime-0.13.3.tgz",
            "integrity": "sha512-naKIZz2GQ8JWh///G7L3X6LaQUAMp2lvb1rvwwsURe/VXwD6VMfr+/1NuNw3ag8v2kY1aQ/go5SNn79O9JU7yw=="
        },
        "safer-buffer": {
            "version": "2.1.2",
            "resolved": "https://registry.npmjs.org/safer-buffer/-/safer-buffer-2.1.2.tgz",
            "integrity": "sha512-YZo3K82SD7Riyi0E1EQPojLz7kpepnSQI9IyPbHHg1XXXevb5dJI7tpyN2ADxGcQbHG7vcyRHk0cbwqcQriUtg=="
        },
        "scheduler": {
            "version": "0.15.0",
            "resolved": "https://registry.npmjs.org/scheduler/-/scheduler-0.15.0.tgz",
            "integrity": "sha512-xAefmSfN6jqAa7Kuq7LIJY0bwAPG3xlCj0HMEBQk1lxYiDKZscY2xJ5U/61ZTrYbmNQbXa+gc7czPkVo11tnCg==",
            "requires": {
                "loose-envify": "^1.1.0",
                "object-assign": "^4.1.1"
            }
        },
        "selectn": {
            "version": "1.1.2",
            "resolved": "https://registry.npmjs.org/selectn/-/selectn-1.1.2.tgz",
            "integrity": "sha1-/IrNkd8/RaywGJHGdzrlKYUdaxc=",
            "requires": {
                "brackets2dots": "^1.1.0",
                "curry2": "^1.0.0",
                "debug": "^2.5.2",
                "dotsplit.js": "^1.0.3"
            }
        },
        "setimmediate": {
            "version": "1.0.5",
            "resolved": "https://registry.npmjs.org/setimmediate/-/setimmediate-1.0.5.tgz",
            "integrity": "sha1-KQy7Iy4waULX1+qbg3Mqt4VvgoU="
        },
        "shortid": {
            "version": "2.2.14",
            "resolved": "https://registry.npmjs.org/shortid/-/shortid-2.2.14.tgz",
            "integrity": "sha512-4UnZgr9gDdA1kaKj/38IiudfC3KHKhDc1zi/HSxd9FQDR0VLwH3/y79tZJLsVYPsJgIjeHjqIWaWVRJUj9qZOQ==",
            "requires": {
                "nanoid": "^2.0.0"
            }
        },
        "synthetic-dom": {
            "version": "1.4.0",
            "resolved": "https://registry.npmjs.org/synthetic-dom/-/synthetic-dom-1.4.0.tgz",
            "integrity": "sha512-mHv51ZsmZ+ShT/4s5kg+MGUIhY7Ltq4v03xpN1c8T1Krb5pScsh/lzEjyhrVD0soVDbThbd2e+4dD9vnDG4rhg=="
        },
        "typed-styles": {
            "version": "0.0.7",
            "resolved": "https://registry.npmjs.org/typed-styles/-/typed-styles-0.0.7.tgz",
            "integrity": "sha512-pzP0PWoZUhsECYjABgCGQlRGL1n7tOHsgwYv3oIiEpJwGhFTuty/YNeduxQYzXXa3Ge5BdT6sHYIQYpl4uJ+5Q=="
        },
        "ua-parser-js": {
            "version": "0.7.20",
            "resolved": "https://registry.npmjs.org/ua-parser-js/-/ua-parser-js-0.7.20.tgz",
            "integrity": "sha512-8OaIKfzL5cpx8eCMAhhvTlft8GYF8b2eQr6JkCyVdrgjcytyOmPCXrqXFcUnhonRpLlh5yxEZVohm6mzaowUOw=="
        },
        "uc.micro": {
            "version": "1.0.6",
            "resolved": "https://registry.npmjs.org/uc.micro/-/uc.micro-1.0.6.tgz",
            "integrity": "sha512-8Y75pvTYkLJW2hWQHXxoqRgV7qb9B+9vFEtidML+7koHUFapnVJAZ6cKs+Qjz5Aw3aZWHMC6u0wJE3At+nSGwA=="
        },
        "uri-js": {
            "version": "4.2.2",
            "resolved": "https://registry.npmjs.org/uri-js/-/uri-js-4.2.2.tgz",
            "integrity": "sha512-KY9Frmirql91X2Qgjry0Wd4Y+YTdrdZheS8TFwvkbLWf/G5KNJDCh6pKL5OZctEW4+0Baa5idK2ZQuELRwPznQ==",
            "requires": {
                "punycode": "^2.1.0"
            }
        },
        "warning": {
            "version": "4.0.3",
            "resolved": "https://registry.npmjs.org/warning/-/warning-4.0.3.tgz",
            "integrity": "sha512-rpJyN222KWIvHJ/F53XSZv0Zl/accqHR8et1kpaMTD/fLCRxtV8iX8czMzY7sVZupTI3zcUTg8eycS2kNF9l6w==",
            "requires": {
                "loose-envify": "^1.0.0"
            }
        },
        "whatwg-fetch": {
            "version": "3.0.0",
            "resolved": "https://registry.npmjs.org/whatwg-fetch/-/whatwg-fetch-3.0.0.tgz",
            "integrity": "sha512-9GSJUgz1D4MfyKU7KRqwOjXCXTqWdFNvEr7eUBYchQiVc744mqK/MzXPNR2WsPkmkOa4ywfg8C2n8h+13Bey1Q=="
        }
    }
}
