# THIS IS AN AUTOGENERATED FILE. DO NOT EDIT THIS FILE DIRECTLY.
# yarn lockfile v1


"@babel/runtime-corejs2@^7.4.5":
  version "7.5.5"
  resolved "https://registry.yarnpkg.com/@babel/runtime-corejs2/-/runtime-corejs2-7.5.5.tgz#c3214c08ef20341af4187f1c9fbdc357fbec96b2"
  integrity sha512-FYATQVR00NSNi7mUfpPDp7E8RYMXDuO8gaix7u/w3GekfUinKgX1AcTxs7SoiEmoEW9mbpjrwqWSW6zCmw5h8A==
  dependencies:
    core-js "^2.6.5"
    regenerator-runtime "^0.13.2"

"@babel/runtime@^7.1.2":
  version "7.5.5"
  resolved "https://registry.yarnpkg.com/@babel/runtime/-/runtime-7.5.5.tgz#74fba56d35efbeca444091c7850ccd494fd2f132"
  integrity sha512-28QvEGyQyNkB0/m2B4FU7IEZGK2NUrcMtT6BZEFALTguLk+AUT6ofsHtPk5QyjAdUkpMJ+/Em+quwz4HOt30AQ==
  dependencies:
    regenerator-runtime "^0.13.2"

"@fortawesome/fontawesome-free@^5.7.2":
  version "5.10.1"
  resolved "https://registry.yarnpkg.com/@fortawesome/fontawesome-free/-/fontawesome-free-5.10.1.tgz#dec28ee02c3fc51da46d53ce4da9d5787312fbd7"
  integrity sha512-PYncBhgN1l02mwHmczukexmu4yRTjRDAAdcK62jdWSAW8epcnZ9K2win/7rMrffiv/c7XLVDA8vD+yi6WyvbGQ==

"@types/node@*":
  version "12.7.2"
  resolved "https://registry.yarnpkg.com/@types/node/-/node-12.7.2.tgz#c4e63af5e8823ce9cc3f0b34f7b998c2171f0c44"
  integrity sha512-dyYO+f6ihZEtNPDcWNR1fkoTDf3zAK3lAABDze3mz6POyIercH0lEUawUFXlG8xaQZmm1yEBON/4TsYv/laDYg==

ajv@^6.7.0:
  version "6.10.2"
  resolved "https://registry.yarnpkg.com/ajv/-/ajv-6.10.2.tgz#d3cea04d6b017b2894ad69040fec8b623eb4bd52"
  integrity sha512-TXtUUEYHuaTEbLZWIKUr5pmBuhDLy+8KYtPYdcV8qC+pOZL+NKqYwvWSRrVXHn+ZmRRAu8vJTAznH7Oag6RVRw==
  dependencies:
    fast-deep-equal "^2.0.1"
    fast-json-stable-stringify "^2.0.0"
    json-schema-traverse "^0.4.1"
    uri-js "^4.2.2"

asap@~2.0.3:
  version "2.0.6"
  resolved "https://registry.yarnpkg.com/asap/-/asap-2.0.6.tgz#e50347611d7e690943208bbdafebcbc2fb866d46"
  integrity sha1-5QNHYR1+aQlDIIu9r+vLwvuGbUY=

babel-runtime@^6.23.0:
  version "6.26.0"
  resolved "https://registry.yarnpkg.com/babel-runtime/-/babel-runtime-6.26.0.tgz#965c7058668e82b55d7bfe04ff2337bc8b5647fe"
  integrity sha1-llxwWGaOgrVde/4E/yM3vItWR/4=
  dependencies:
    core-js "^2.4.0"
    regenerator-runtime "^0.11.0"

bootstrap-colorpicker@^3.0.3:
  version "3.1.2"
  resolved "https://registry.yarnpkg.com/bootstrap-colorpicker/-/bootstrap-colorpicker-3.1.2.tgz#42737d7fb3f52b42ad9e33ac97f021252307dfae"
  integrity sha512-yUWegXox8GYoXVtYdrEIN3QMOeEFbcSFGDadZu2pWmmMgTaw4ECX9T8GvYQzJkRusvK9uzi39FjE0W2k8lQECA==
  dependencies:
    bootstrap ">=4.0"
    jquery ">=2.1.0"

bootstrap-daterangepicker@^3.0.3:
  version "3.0.5"
  resolved "https://registry.yarnpkg.com/bootstrap-daterangepicker/-/bootstrap-daterangepicker-3.0.5.tgz#dc10db6b4854cc63ebb5b17dac55edd7318dcbad"
  integrity sha512-WdTNB5ZKCpqZltcRkzeE6Xmwp/b8yPnuwsHfqP5mGP2VIV/kzd/6VuTIKEjuskDcsLAYW38LXGjcSm2TBNRdTw==
  dependencies:
    jquery ">=1.10"
    moment "^2.9.0"

bootstrap-social@^5.1.1:
  version "5.1.1"
  resolved "https://registry.yarnpkg.com/bootstrap-social/-/bootstrap-social-5.1.1.tgz#7530c678adf56cf8fad3fa82c29d4d3e5d027501"
  integrity sha1-dTDGeK31bPj60/qCwp1NPl0CdQE=
  dependencies:
    bootstrap "~3"
    font-awesome "~4.7"

bootstrap-tagsinput@^0.7.1:
  version "0.7.1"
  resolved "https://registry.yarnpkg.com/bootstrap-tagsinput/-/bootstrap-tagsinput-0.7.1.tgz#ffe3b06bbe2a106945ef2814568005a94f211937"
  integrity sha1-/+Owa74qEGlF7ygUVoAFqU8hGTc=

bootstrap-timepicker@^0.5.2:
  version "0.5.2"
  resolved "https://registry.yarnpkg.com/bootstrap-timepicker/-/bootstrap-timepicker-0.5.2.tgz#10ed9f2a2f0b8ccaefcde0fcf6a0738b919a3835"
  integrity sha1-EO2fKi8LjMrvzeD89qBzi5GaODU=

bootstrap@>=4.0, bootstrap@^4.2.1, bootstrap@latest:
  version "4.3.1"
  resolved "https://registry.yarnpkg.com/bootstrap/-/bootstrap-4.3.1.tgz#280ca8f610504d99d7b6b4bfc4b68cec601704ac"
  integrity sha512-rXqOmH1VilAt2DyPzluTi2blhk17bO7ef+zLLPlWvG494pDxcM234pJ8wTc/6R40UWizAIIMgxjvxZg5kmsbag==

bootstrap@~3:
  version "3.4.1"
  resolved "https://registry.yarnpkg.com/bootstrap/-/bootstrap-3.4.1.tgz#c3a347d419e289ad11f4033e3c4132b87c081d72"
  integrity sha512-yN5oZVmRCwe5aKwzRj6736nSmKDX7pLYwsXiCj/EYmo16hODaBiT4En5btW/jhBF/seV+XMx3aYwukYC3A49DA==

brackets2dots@^1.1.0:
  version "1.1.0"
  resolved "https://registry.yarnpkg.com/brackets2dots/-/brackets2dots-1.1.0.tgz#3f3d40375fc660ce0fd004fa27d67b34f9469ac3"
  integrity sha1-Pz1AN1/GYM4P0AT6J9Z7NPlGmsM=

chart.js@^2.7.3:
  version "2.8.0"
  resolved "https://registry.yarnpkg.com/chart.js/-/chart.js-2.8.0.tgz#b703b10d0f4ec5079eaefdcd6ca32dc8f826e0e9"
  integrity sha512-Di3wUL4BFvqI5FB5K26aQ+hvWh8wnP9A3DWGvXHVkO13D3DSnaSsdZx29cXlEsYKVkn1E2az+ZYFS4t0zi8x0w==
  dependencies:
    chartjs-color "^2.1.0"
    moment "^2.10.2"

chartjs-color-string@^0.6.0:
  version "0.6.0"
  resolved "https://registry.yarnpkg.com/chartjs-color-string/-/chartjs-color-string-0.6.0.tgz#1df096621c0e70720a64f4135ea171d051402f71"
  integrity sha512-TIB5OKn1hPJvO7JcteW4WY/63v6KwEdt6udfnDE9iCAZgy+V4SrbSxoIbTw/xkUIapjEI4ExGtD0+6D3KyFd7A==
  dependencies:
    color-name "^1.0.0"

chartjs-color@^2.1.0:
  version "2.3.0"
  resolved "https://registry.yarnpkg.com/chartjs-color/-/chartjs-color-2.3.0.tgz#0e7e1e8dba37eae8415fd3db38bf572007dd958f"
  integrity sha512-hEvVheqczsoHD+fZ+tfPUE+1+RbV6b+eksp2LwAhwRTVXEjCSEavvk+Hg3H6SZfGlPh/UfmWKGIvZbtobOEm3g==
  dependencies:
    chartjs-color-string "^0.6.0"
    color-convert "^0.5.3"

chocolat@^0.4.21:
  version "0.4.21"
  resolved "https://registry.yarnpkg.com/chocolat/-/chocolat-0.4.21.tgz#16f5a2e0fa60aa7f07234b4e36696d4e7a52a4a1"
  integrity sha512-KvaGUM4FAYsk+8Mfwrzw90zwP9Dfb4t9grwwDb17hqVxT+Z+T6hpAD8xkGkIwn9xxwiQdOpl0G6jn04O+UZwnA==
  dependencies:
    jquery "^3.0"

class-autobind@^0.1.4:
  version "0.1.4"
  resolved "https://registry.yarnpkg.com/class-autobind/-/class-autobind-0.1.4.tgz#34516c49167cf8d3f639ddc186bcfa2268afff34"
  integrity sha1-NFFsSRZ8+NP2Od3Bhrz6Imiv/zQ=

classnames@^2.1.2, classnames@^2.2.0, classnames@^2.2.5, classnames@^2.2.6:
  version "2.2.6"
  resolved "https://registry.yarnpkg.com/classnames/-/classnames-2.2.6.tgz#43935bffdd291f326dad0a205309b38d00f650ce"
  integrity sha512-JR/iSQOSt+LQIWwrwEzJ9uk0xfN3mTVYMwt1Ir5mUcSN6pU+V4zQFFaJsclJbPuAUQH+yfWef6tm7l1quW3C8Q==

cleave.js@^1.4.7:
  version "1.5.3"
  resolved "https://registry.yarnpkg.com/cleave.js/-/cleave.js-1.5.3.tgz#1ef36e1375dea289bffeefe8ebb1e3ef2ee23240"
  integrity sha512-tLum0abk+NRUZtMxpqLQS0jE9k2KYzsUlnMAqfMd2LAf8bb5xTHLHXTtPyI+dCk6DThtmWER3EzKfUi4NHdR7A==

clipboard@^2.0.0:
  version "2.0.4"
  resolved "https://registry.yarnpkg.com/clipboard/-/clipboard-2.0.4.tgz#836dafd66cf0fea5d71ce5d5b0bf6e958009112d"
  integrity sha512-Vw26VSLRpJfBofiVaFb/I8PVfdI1OxKcYShe6fm0sP/DtmiWQNCjhM/okTvdCo0G+lMMm1rMYbk4IK4x1X+kgQ==
  dependencies:
    good-listener "^1.2.2"
    select "^1.1.2"
    tiny-emitter "^2.0.0"

codemirror@^5.43.0:
  version "5.48.2"
  resolved "https://registry.yarnpkg.com/codemirror/-/codemirror-5.48.2.tgz#a9dd3d426dea4cd59efd59cd98e20a9152a30922"
  integrity sha512-i9VsmC8AfA5ji6EDIZ+aoSe4vt9FcwPLdHB1k1ItFbVyuOFRrcfvnoKqwZlC7EVA2UmTRiNEypE4Uo7YvzVY8Q==

color-convert@^0.5.3:
  version "0.5.3"
  resolved "https://registry.yarnpkg.com/color-convert/-/color-convert-0.5.3.tgz#bdb6c69ce660fadffe0b0007cc447e1b9f7282bd"
  integrity sha1-vbbGnOZg+t/+CwAHzER+G59ygr0=

color-name@^1.0.0:
  version "1.1.4"
  resolved "https://registry.yarnpkg.com/color-name/-/color-name-1.1.4.tgz#c2a09a87acbde69543de6f63fa3995c826c536a2"
  integrity sha512-dOy+3AuW3a2wNbZHIuMZpTcgjGuLU/uBL/ubcZF9OXbDo8ff4O8yVp5Bf0efS8uEoYo5q4Fx7dY9OgQGXgAsQA==

core-js@^1.0.0:
  version "1.2.7"
  resolved "https://registry.yarnpkg.com/core-js/-/core-js-1.2.7.tgz#652294c14651db28fa93bd2d5ff2983a4f08c636"
  integrity sha1-ZSKUwUZR2yj6k70tX/KYOk8IxjY=

core-js@^2.4.0, core-js@^2.4.1, core-js@^2.5.7, core-js@^2.6.5:
  version "2.6.9"
  resolved "https://registry.yarnpkg.com/core-js/-/core-js-2.6.9.tgz#6b4b214620c834152e179323727fc19741b084f2"
  integrity sha512-HOpZf6eXmnl7la+cUdMnLvUxKNqLUzJvgIziQ0DiF3JwSImNphIqdGqzj6hIKyX04MmV0poclQ7+wjWvxQyR2A==

create-react-context@^0.2.3:
  version "0.2.3"
  resolved "https://registry.yarnpkg.com/create-react-context/-/create-react-context-0.2.3.tgz#9ec140a6914a22ef04b8b09b7771de89567cb6f3"
  integrity sha512-CQBmD0+QGgTaxDL3OX1IDXYqjkp2It4RIbcb99jS6AEg27Ga+a9G3JtK6SIu0HBwPLZlmwt9F7UwWA4Bn92Rag==
  dependencies:
    fbjs "^0.8.0"
    gud "^1.0.0"

create-react-context@^0.3.0:
  version "0.3.0"
  resolved "https://registry.yarnpkg.com/create-react-context/-/create-react-context-0.3.0.tgz#546dede9dc422def0d3fc2fe03afe0bc0f4f7d8c"
  integrity sha512-dNldIoSuNSvlTJ7slIKC/ZFGKexBMBrrcc+TTe1NdmROnaASuLPvqpwj9v4XS4uXZ8+YPu0sNmShX2rXI5LNsw==
  dependencies:
    gud "^1.0.0"
    warning "^4.0.3"

curry2@^1.0.0:
  version "1.0.3"
  resolved "https://registry.yarnpkg.com/curry2/-/curry2-1.0.3.tgz#38191d55f1060bfea47ca08009385bb878f6612f"
  integrity sha1-OBkdVfEGC/6kfKCACThbuHj2YS8=
  dependencies:
    fast-bind "^1.0.0"

datatables.net-bs4@^1.10.15:
  version "1.10.19"
  resolved "https://registry.yarnpkg.com/datatables.net-bs4/-/datatables.net-bs4-1.10.19.tgz#0608dff22008cf3c7b8a68b1bc702ed255b404fb"
  integrity sha512-pgeP17w4aPR7HIxIwuJghfqXULjdg1K6xMUUKDyCERJRSNNK4MRToFfELtIsluLNN555YBK4Kx8nihX5/ZT1Fw==
  dependencies:
    datatables.net "1.10.19"
    jquery ">=1.7"

datatables.net-responsive-bs4@^2.2.3:
  version "2.2.3"
  resolved "https://registry.yarnpkg.com/datatables.net-responsive-bs4/-/datatables.net-responsive-bs4-2.2.3.tgz#639de17c1d31210ebf2b3c25f1c774c13f729e94"
  integrity sha512-SQaWI0uLuPcaiBBin9zX+MuQfTSIkK1bYxbXqUV6NLkHCVa6PMQK7Rvftj0ywG4R7uOtjbzY8nSVqxEKvQI0Vg==
  dependencies:
    datatables.net-bs4 "^1.10.15"
    datatables.net-responsive "2.2.3"
    jquery ">=1.7"

datatables.net-responsive@2.2.3:
  version "2.2.3"
  resolved "https://registry.yarnpkg.com/datatables.net-responsive/-/datatables.net-responsive-2.2.3.tgz#50a2b1b4955b16b32f573a3f00f473b0bfbee913"
  integrity sha512-8D6VtZcyuH3FG0Hn5A4LPZQEOX3+HrRFM7HjpmsQc/nQDBbdeBLkJX4Sh/o1nzFTSneuT1Wh/lYZHVPpjcN+Sw==
  dependencies:
    datatables.net "^1.10.15"
    jquery ">=1.7"

datatables.net-select-bs4@^1.2.7:
  version "1.3.0"
  resolved "https://registry.yarnpkg.com/datatables.net-select-bs4/-/datatables.net-select-bs4-1.3.0.tgz#f2a977fb5631cdeaa322f10c2968796cbabdeeb2"
  integrity sha512-lV+CiiBn4sIILsveSJ+Q4PohpUJ5HrmmoENqV3YqPU5X/GBIFutMVDQzJobgnjbLka83J99tiKvuva2a1XQBrQ==
  dependencies:
    datatables.net-bs4 "^1.10.15"
    datatables.net-select "1.3.0"
    jquery ">=1.7"

datatables.net-select@1.3.0:
  version "1.3.0"
  resolved "https://registry.yarnpkg.com/datatables.net-select/-/datatables.net-select-1.3.0.tgz#0815efa54f09eed744af80fe6a19e236070e8cda"
  integrity sha512-sj72BM+Sx2n9mTHQjPiGMrGUoAVA1PCGmD+vEuAedhlDX1PAHcnqsOnG37eWrpqIsOQR/ZcSuE8IkU7gmiQkew==
  dependencies:
    datatables.net "^1.10.15"
    jquery ">=1.7"

datatables.net@1.10.19, datatables.net@^1.10.15:
  version "1.10.19"
  resolved "https://registry.yarnpkg.com/datatables.net/-/datatables.net-1.10.19.tgz#97a1ed41c85e62d61040603481b59790a172dd1f"
  integrity sha512-+ljXcI6Pj3PTGy5pesp3E5Dr3x3AV45EZe0o1r0gKENN2gafBKXodVnk2ypKwl2tTmivjxbkiqoWnipTefyBTA==
  dependencies:
    jquery ">=1.7"

datatables@^1.10.18:
  version "1.10.18"
  resolved "https://registry.yarnpkg.com/datatables/-/datatables-1.10.18.tgz#fee16e82aa70b17c5faf1a6954ac68f404f33a70"
  integrity sha512-ntatMgS9NN6UMpwbmO+QkYJuKlVeMA2Mi0Gu/QxyIh+dW7ZjLSDhPT2tWlzjpIWEkDYgieDzS9Nu7bdQCW0sbQ==
  dependencies:
    jquery ">=1.7"

debug@^2.5.2:
  version "2.6.9"
  resolved "https://registry.yarnpkg.com/debug/-/debug-2.6.9.tgz#5d128515df134ff327e90a4c93f4e077a536341f"
  integrity sha512-bC7ElrdJaJnPbAP+1EotYvqZsb3ecl5wi6Bfi6BJTUcNowp6cvspg0jXznRTKDjm/E7AdgFBVeAPVMNcKGsHMA==
  dependencies:
    ms "2.0.0"

delegate@^3.1.2:
  version "3.2.0"
  resolved "https://registry.yarnpkg.com/delegate/-/delegate-3.2.0.tgz#b66b71c3158522e8ab5744f720d8ca0c2af59166"
  integrity sha512-IofjkYBZaZivn0V8nnsMJGBr4jVLxHDheKSW88PyxS5QC4Vo9ZbZVvhzlSxY87fVq3STR6r+4cGepyHkcWOQSw==

dom-helpers@^3.2.1, dom-helpers@^3.4.0:
  version "3.4.0"
  resolved "https://registry.yarnpkg.com/dom-helpers/-/dom-helpers-3.4.0.tgz#e9b369700f959f62ecde5a6babde4bccd9169af8"
  integrity sha512-LnuPJ+dwqKDIyotW1VzmOZ5TONUN7CwkCR5hrgawTUbkBGYdeoNLZo6nNfGkCrjtE1nXXaj7iMMpDa8/d9WoIA==
  dependencies:
    "@babel/runtime" "^7.1.2"

dotsplit.js@^1.0.3:
  version "1.1.0"
  resolved "https://registry.yarnpkg.com/dotsplit.js/-/dotsplit.js-1.1.0.tgz#25a239eabe922a91ffa5d2a172d6c9fb82451e02"
  integrity sha1-JaI56r6SKpH/pdKhctbJ+4JFHgI=

draft-js-export-html@>=0.6.0:
  version "1.4.1"
  resolved "https://registry.yarnpkg.com/draft-js-export-html/-/draft-js-export-html-1.4.1.tgz#7cdad970c6f7f2cdd19ce4c1f5073fdf0f313b4d"
  integrity sha512-G4VGBSalPowktIE4wp3rFbhjs+Ln9IZ2FhXeHjsZDSw0a2+h+BjKu5Enq+mcsyVb51RW740GBK8Xbf7Iic51tw==
  dependencies:
    draft-js-utils "^1.4.0"

draft-js-export-markdown@>=0.3.0:
  version "1.4.0"
  resolved "https://registry.yarnpkg.com/draft-js-export-markdown/-/draft-js-export-markdown-1.4.0.tgz#783731a0aaba4a5962d1d6a37293df7926ea6e45"
  integrity sha512-blfAvlhGhjVlHNaZ5WJKlrXhcftnwwC5VC+Eu3ztOGpGLaOom4hxhBjbKEWjvbQZJ9zL+xo57ukm39prYZMG5Q==
  dependencies:
    draft-js-utils "^1.4.0"

draft-js-import-element@^1.4.0:
  version "1.4.0"
  resolved "https://registry.yarnpkg.com/draft-js-import-element/-/draft-js-import-element-1.4.0.tgz#8760acbfeb60ed824a1c8319ec049f702681df66"
  integrity sha512-WmYT5PrCm47lGL5FkH6sRO3TTAcn7qNHsD3igiPqLG/RXrqyKrqN4+wBgbcT2lhna/yfWTRtgzAbQsSJoS1Meg==
  dependencies:
    draft-js-utils "^1.4.0"
    synthetic-dom "^1.4.0"

draft-js-import-html@>=0.4.0:
  version "1.4.1"
  resolved "https://registry.yarnpkg.com/draft-js-import-html/-/draft-js-import-html-1.4.1.tgz#c222a3a40ab27dee5874fcf78526b64734fe6ea4"
  integrity sha512-KOZmtgxZriCDgg5Smr3Y09TjubvXe7rHPy/2fuLSsL+aSzwUDwH/aHDA/k47U+WfpmL4qgyg4oZhqx9TYJV0tg==
  dependencies:
    draft-js-import-element "^1.4.0"

draft-js-import-markdown@>=0.3.0:
  version "1.4.0"
  resolved "https://registry.yarnpkg.com/draft-js-import-markdown/-/draft-js-import-markdown-1.4.0.tgz#745ab87e8e38436de65be0472c946108dadcc778"
  integrity sha512-mpKUxzDM+x7W+eCZegCAxl3QJzNGA3Y+DbBMMekzCdPHONLJAZ1QYYjegbXa6+pZGq8FAIhgWaVbfKWMb8M8dQ==
  dependencies:
    draft-js-import-element "^1.4.0"
    synthetic-dom "^1.4.0"

draft-js-utils@>=0.2.0, draft-js-utils@^1.4.0:
  version "1.4.0"
  resolved "https://registry.yarnpkg.com/draft-js-utils/-/draft-js-utils-1.4.0.tgz#c60af198108f69b0f1df3572555b23836819d1cf"
  integrity sha512-8s9FFuKC+lOWGwJ0b3om2PF+uXrqQPaEQlPJI7UxdzxTYGMeKouMPA9+YlPn52zcAVElIZtd2tXj6eQmvlKelw==

draft-js@>=0.10.0:
  version "0.11.0"
  resolved "https://registry.yarnpkg.com/draft-js/-/draft-js-0.11.0.tgz#f456f61ff68b7141f35ddd15af056069f10cafea"
  integrity sha512-kNVaI3rLiNUSXoCuc5OxOQfzvtFEsOhRgWVHz5nU4b1APvYiOnY5Y2H76ZmB5990//cZysul09FbnzP+YAKNJA==
  dependencies:
    fbjs "^1.0.0"
    immutable "~3.7.4"
    object-assign "^4.1.0"

draft-js@^0.10:
  version "0.10.5"
  resolved "https://registry.yarnpkg.com/draft-js/-/draft-js-0.10.5.tgz#bfa9beb018fe0533dbb08d6675c371a6b08fa742"
  integrity sha512-LE6jSCV9nkPhfVX2ggcRLA4FKs6zWq9ceuO/88BpXdNCS7mjRTgs0NsV6piUCJX9YxMsB9An33wnkMmU2sD2Zg==
  dependencies:
    fbjs "^0.8.15"
    immutable "~3.7.4"
    object-assign "^4.1.0"

draftjs-to-html@^0.8.4:
  version "0.8.4"
  resolved "https://registry.yarnpkg.com/draftjs-to-html/-/draftjs-to-html-0.8.4.tgz#bda0adc00945db1f1baf0191b34b49b24191f1df"
  integrity sha512-+4hekxc8dTJvKk6usiEsFX9O1uOD9vLZZOs9ZI3RhTe89yNmtazYII/ILDXfbMPfzNaYfX7Gf3zjRm6UUFxqyg==

draftjs-utils@^0.9.3:
  version "0.9.4"
  resolved "https://registry.yarnpkg.com/draftjs-utils/-/draftjs-utils-0.9.4.tgz#976c61aa133dbbbfedd65ae1dd6627d7b98c6f08"
  integrity sha512-KYjABSbGpJrwrwmxVj5UhfV37MF/p0QRxKIyL+/+QOaJ8J9z1FBKxkblThbpR0nJi9lxPQWGg+gh+v0dAsSCCg==

dropzone@^5.5.1:
  version "5.5.1"
  resolved "https://registry.yarnpkg.com/dropzone/-/dropzone-5.5.1.tgz#06e2f513e61d6aa363d4b556f18574f47cf7ba26"
  integrity sha512-3VduRWLxx9hbVr42QieQN25mx/I61/mRdUSuxAmDGdDqZIN8qtP7tcKMa3KfpJjuGjOJGYYUzzeq6eGDnkzesA==

encoding@^0.1.11:
  version "0.1.12"
  resolved "https://registry.yarnpkg.com/encoding/-/encoding-0.1.12.tgz#538b66f3ee62cd1ab51ec323829d1f9480c74beb"
  integrity sha1-U4tm8+5izRq1HsMjgp0flIDHS+s=
  dependencies:
    iconv-lite "~0.4.13"

es6-object-assign@^1.1.0:
  version "1.1.0"
  resolved "https://registry.yarnpkg.com/es6-object-assign/-/es6-object-assign-1.1.0.tgz#c2c3582656247c39ea107cb1e6652b6f9f24523c"
  integrity sha1-wsNYJlYkfDnqEHyx5mUrb58kUjw=

es6-shim@^0.35.5:
  version "0.35.5"
  resolved "https://registry.yarnpkg.com/es6-shim/-/es6-shim-0.35.5.tgz#46f59dc0a84a1c5029e8ff1166ca0a902077a9ab"
  integrity sha512-E9kK/bjtCQRpN1K28Xh4BlmP8egvZBGJJ+9GtnzOwt7mdqtrjHFuVGr7QJfdjBIKqrlU5duPf3pCBoDrkjVYFg==

escape-string-regexp@^1.0.5:
  version "1.0.5"
  resolved "https://registry.yarnpkg.com/escape-string-regexp/-/escape-string-regexp-1.0.5.tgz#1b61c0562190a8dff6ae3bb2cf0200ca130b86d4"
  integrity sha1-G2HAViGQqN/2rjuyzwIAyhMLhtQ=

exenv@^1.2.0:
  version "1.2.2"
  resolved "https://registry.yarnpkg.com/exenv/-/exenv-1.2.2.tgz#2ae78e85d9894158670b03d47bec1f03bd91bb9d"
  integrity sha1-KueOhdmJQVhnCwPUe+wfA72Ru50=

fast-bind@^1.0.0:
  version "1.0.0"
  resolved "https://registry.yarnpkg.com/fast-bind/-/fast-bind-1.0.0.tgz#7fa9652cb3325f5cd1e252d6cb4f160de1a76e75"
  integrity sha1-f6llLLMyX1zR4lLWy08WDeGnbnU=

fast-deep-equal@^2.0.1:
  version "2.0.1"
  resolved "https://registry.yarnpkg.com/fast-deep-equal/-/fast-deep-equal-2.0.1.tgz#7b05218ddf9667bf7f370bf7fdb2cb15fdd0aa49"
  integrity sha1-ewUhjd+WZ79/Nwv3/bLLFf3Qqkk=

fast-json-stable-stringify@^2.0.0:
  version "2.0.0"
  resolved "https://registry.yarnpkg.com/fast-json-stable-stringify/-/fast-json-stable-stringify-2.0.0.tgz#d5142c0caee6b1189f87d3a76111064f86c8bbf2"
  integrity sha1-1RQsDK7msRifh9OnYREGT4bIu/I=

fbjs-css-vars@^1.0.0:
  version "1.0.2"
  resolved "https://registry.yarnpkg.com/fbjs-css-vars/-/fbjs-css-vars-1.0.2.tgz#216551136ae02fe255932c3ec8775f18e2c078b8"
  integrity sha512-b2XGFAFdWZWg0phtAWLHCk836A1Xann+I+Dgd3Gk64MHKZO44FfoD1KxyvbSh0qZsIoXQGGlVztIY+oitJPpRQ==

fbjs@^0.8.0, fbjs@^0.8.15:
  version "0.8.17"
  resolved "https://registry.yarnpkg.com/fbjs/-/fbjs-0.8.17.tgz#c4d598ead6949112653d6588b01a5cdcd9f90fdd"
  integrity sha1-xNWY6taUkRJlPWWIsBpc3Nn5D90=
  dependencies:
    core-js "^1.0.0"
    isomorphic-fetch "^2.1.1"
    loose-envify "^1.0.0"
    object-assign "^4.1.0"
    promise "^7.1.1"
    setimmediate "^1.0.5"
    ua-parser-js "^0.7.18"

fbjs@^1.0.0:
  version "1.0.0"
  resolved "https://registry.yarnpkg.com/fbjs/-/fbjs-1.0.0.tgz#52c215e0883a3c86af2a7a776ed51525ae8e0a5a"
  integrity sha512-MUgcMEJaFhCaF1QtWGnmq9ZDRAzECTCRAF7O6UZIlAlkTs1SasiX9aP0Iw7wfD2mJ7wDTNfg2w7u5fSCwJk1OA==
  dependencies:
    core-js "^2.4.1"
    fbjs-css-vars "^1.0.0"
    isomorphic-fetch "^2.1.1"
    loose-envify "^1.0.0"
    object-assign "^4.1.0"
    promise "^7.1.1"
    setimmediate "^1.0.5"
    ua-parser-js "^0.7.18"

flag-icon-css@^3.2.1:
  version "3.3.0"
  resolved "https://registry.yarnpkg.com/flag-icon-css/-/flag-icon-css-3.3.0.tgz#7772461e4480d3d86da5962f02120a2825688433"
  integrity sha512-u5lCGVExrJJRykNGd//ZrBU5Bkt0LTZJFSuG+Az/pwcHgzDeFwomwFbsgVtI1aJd6ysyHsx+5UGrA+nhSGd4yw==

font-awesome@~4.7:
  version "4.7.0"
  resolved "https://registry.yarnpkg.com/font-awesome/-/font-awesome-4.7.0.tgz#8fa8cf0411a1a31afd07b06d2902bb9fc815a133"
  integrity sha1-j6jPBBGhoxr9B7BtKQK7n8gVoTM=

fullcalendar@^3.10.0:
  version "3.10.1"
  resolved "https://registry.yarnpkg.com/fullcalendar/-/fullcalendar-3.10.1.tgz#cca3f9a2656a7e978a3f3facb7f35934a91185db"
  integrity sha512-E0ioaHVmwdS4es8pNTUNva7505wPkUMFdn9JGFLYo+J12ARhN3zDBwoPj2DfB8rL7Yc1sSve+FqDHC3s2SZ7Fw==

gmaps@^0.4.24:
  version "0.4.24"
  resolved "https://registry.yarnpkg.com/gmaps/-/gmaps-0.4.24.tgz#07f22f0cfc3e4e32498950ffafd7ca635ffc100c"
  integrity sha1-B/IvDPw+TjJJiVD/r9fKY1/8EAw=

good-listener@^1.2.2:
  version "1.2.2"
  resolved "https://registry.yarnpkg.com/good-listener/-/good-listener-1.2.2.tgz#d53b30cdf9313dffb7dc9a0d477096aa6d145c50"
  integrity sha1-1TswzfkxPf+33JoNR3CWqm0UXFA=
  dependencies:
    delegate "^3.1.2"

gud@^1.0.0:
  version "1.0.0"
  resolved "https://registry.yarnpkg.com/gud/-/gud-1.0.0.tgz#a489581b17e6a70beca9abe3ae57de7a499852c0"
  integrity sha512-zGEOVKFM5sVPPrYs7J5/hYEw2Pof8KCyOwyhG8sAF26mCAeUFAcYPu1mwB7hhpIP29zOIBaDqwuHdLp0jvZXjw==

html-to-draftjs@^1.4.0:
  version "1.4.0"
  resolved "https://registry.yarnpkg.com/html-to-draftjs/-/html-to-draftjs-1.4.0.tgz#8a3cbbba5b49d50be8ce85cc08b112d5bf00fc1d"
  integrity sha1-ijy7ultJ1QvozoXMCLES1b8A/B0=

iconv-lite@~0.4.13:
  version "0.4.24"
  resolved "https://registry.yarnpkg.com/iconv-lite/-/iconv-lite-0.4.24.tgz#2022b4b25fbddc21d2f524974a474aafe733908b"
  integrity sha512-v3MXnZAcvnywkTUEZomIActle7RXXeedOR31wwl7VlyoXO4Qi9arvSenNQWne1TcRwhCL1HwLI21bEqdpj8/rA==
  dependencies:
    safer-buffer ">= 2.1.2 < 3"

immutable@^3, immutable@^3.8.1:
  version "3.8.2"
  resolved "https://registry.yarnpkg.com/immutable/-/immutable-3.8.2.tgz#c2439951455bb39913daf281376f1530e104adf3"
  integrity sha1-wkOZUUVbs5kT2vKBN28VMOEErfM=

immutable@~3.7.4:
  version "3.7.6"
  resolved "https://registry.yarnpkg.com/immutable/-/immutable-3.7.6.tgz#13b4d3cb12befa15482a26fe1b2ebae640071e4b"
  integrity sha1-E7TTyxK++hVIKib+Gy665kAHHks=

invariant@^2.2.1:
  version "2.2.4"
  resolved "https://registry.yarnpkg.com/invariant/-/invariant-2.2.4.tgz#610f3c92c9359ce1db616e538008d23ff35158e6"
  integrity sha512-phJfQVBuaJM5raOpJjSfkiD6BpbCE4Ns//LaXl6wGYtUBY83nWS6Rf9tXm2e8VaK60JEjYldbPif/A2B1C2gNA==
  dependencies:
    loose-envify "^1.0.0"

ionicons201@1.0.0:
  version "1.0.0"
  resolved "https://registry.yarnpkg.com/ionicons201/-/ionicons201-1.0.0.tgz#5ce2aa950e907957c7306ca113115a24129d5260"
  integrity sha1-XOKqlQ6QeVfHMGyhExFaJBKdUmA=

is-stream@^1.0.1:
  version "1.1.0"
  resolved "https://registry.yarnpkg.com/is-stream/-/is-stream-1.1.0.tgz#12d4a3dd4e68e0b79ceb8dbc84173ae80d91ca44"
  integrity sha1-EtSj3U5o4Lec6428hBc66A2RykQ=

isomorphic-fetch@^2.1.1:
  version "2.2.1"
  resolved "https://registry.yarnpkg.com/isomorphic-fetch/-/isomorphic-fetch-2.2.1.tgz#611ae1acf14f5e81f729507472819fe9733558a9"
  integrity sha1-YRrhrPFPXoH3KVB0coGf6XM1WKk=
  dependencies:
    node-fetch "^1.0.1"
    whatwg-fetch ">=0.10.0"

izitoast@^1.4.0:
  version "1.4.0"
  resolved "https://registry.yarnpkg.com/izitoast/-/izitoast-1.4.0.tgz#1aa4e3408b7159fba743506af66d8be54fd929fb"
  integrity sha512-Oc1X2wiQtPp39i5VpIjf3GJf5sfCtHKXZ5szx7RareyEeFLUlcEW0FSfBni28+Ul6KNKZRKzhVuWzSP4Xngh0w==

"jquery-pwstrength@https://github.com/matoilic/jquery.pwstrength":
  version "0.0.0"
  resolved "https://github.com/matoilic/jquery.pwstrength#d6f07a13eba1479f481d0beceb612f439db406ae"

jquery-sparkline@^2.4.0:
  version "2.4.0"
  resolved "https://registry.yarnpkg.com/jquery-sparkline/-/jquery-sparkline-2.4.0.tgz#1be8b7b704dd3857152708aefb1d4a4b3a69fb33"
  integrity sha1-G+i3twTdOFcVJwiu+x1KSzpp+zM=

jquery-ui-dist@^1.12.1:
  version "1.12.1"
  resolved "https://registry.yarnpkg.com/jquery-ui-dist/-/jquery-ui-dist-1.12.1.tgz#5c0815d3cc6f90ff5faaf5b268a6e23b4ca904fa"
  integrity sha1-XAgV08xvkP9fqvWyaKbiO0ypBPo=

jquery.nicescroll@^3.7.6:
  version "3.7.6"
  resolved "https://registry.yarnpkg.com/jquery.nicescroll/-/jquery.nicescroll-3.7.6.tgz#afeff3e80658dabe4f78d2d2e84250060fea0852"
  integrity sha1-r+/z6AZY2r5PeNLS6EJQBg/qCFI=
  dependencies:
    jquery ">=1.8.3"

jquery@>=1.10, jquery@>=1.7, jquery@>=1.8.3, jquery@>=2.1.0, jquery@^3.0, jquery@^3.1.1, jquery@^3.3.1, jquery@latest:
  version "3.4.1"
  resolved "https://registry.yarnpkg.com/jquery/-/jquery-3.4.1.tgz#714f1f8d9dde4bdfa55764ba37ef214630d80ef2"
  integrity sha512-36+AdBzCL+y6qjw5Tx7HgzeGCzC81MDDgaUP8ld2zhx58HdqXGoBd+tHdrBMiyjGQs0Hxs/MLZTu/eHNJJuWPw==

jquery@~1.11.3:
  version "1.11.3"
  resolved "https://registry.yarnpkg.com/jquery/-/jquery-1.11.3.tgz#dd8b74278b27102d29df63eae28308a8cfa1b583"
  integrity sha1-3Yt0J4snEC0p32Pq4oMIqM+htYM=

"jquery_upload_preview@https://github.com/opoloo/jquery_upload_preview":
  version "0.0.0"
  resolved "https://github.com/opoloo/jquery_upload_preview#cc17f1d52beb6c718a16e9a3afdff63ec175c398"

"jqvmap@https://github.com/10bestdesign/jqvmap":
  version "1.5.1"
  resolved "https://github.com/10bestdesign/jqvmap#fb317235bdbc1c863ff877eb0cd31f2176bca11c"
  dependencies:
    jquery "~1.11.3"

"js-tokens@^3.0.0 || ^4.0.0":
  version "4.0.0"
  resolved "https://registry.yarnpkg.com/js-tokens/-/js-tokens-4.0.0.tgz#19203fb59991df98e3a287050d4647cdeaf32499"
  integrity sha512-RdJUflcE3cUzKiMqQgsCu06FPu9UdIJO0beYbPhHN4k6apgJtifcoCtT9bcxOpYBtpD2kCM6Sbzg4CausW/PKQ==

json-schema-traverse@^0.4.1:
  version "0.4.1"
  resolved "https://registry.yarnpkg.com/json-schema-traverse/-/json-schema-traverse-0.4.1.tgz#69f6a87d9513ab8bb8fe63bdb0979c448e684660"
  integrity sha512-xbbCH5dCYU5T8LcEhhuh7HJ88HXuW3qsI3Y0zOZFKfZEHcpWiHU/Jxzk629Brsab/mMiHQti9wMP+845RPe3Vg==

linkify-it@^2.0.3:
  version "2.2.0"
  resolved "https://registry.yarnpkg.com/linkify-it/-/linkify-it-2.2.0.tgz#e3b54697e78bf915c70a38acd78fd09e0058b1cf"
  integrity sha512-GnAl/knGn+i1U/wjBz3akz2stz+HrHLsxMwHQGofCDfPvlf+gDKN58UtfmUquTY4/MXeE2x7k19KQmeoZi94Iw==
  dependencies:
    uc.micro "^1.0.1"

lodash.debounce@^4.0.8:
  version "4.0.8"
  resolved "https://registry.yarnpkg.com/lodash.debounce/-/lodash.debounce-4.0.8.tgz#82d79bff30a67c4005ffd5e2515300ad9ca4d7af"
  integrity sha1-gteb/zCmfEAF/9XiUVMArZyk168=

lodash.get@^4.4.2:
  version "4.4.2"
  resolved "https://registry.yarnpkg.com/lodash.get/-/lodash.get-4.4.2.tgz#2d177f652fa31e939b4438d5341499dfa3825e99"
  integrity sha1-LRd/ZS+jHpObRDjVNBSZ36OCXpk=

lodash.pick@^4.4.0:
  version "4.4.0"
  resolved "https://registry.yarnpkg.com/lodash.pick/-/lodash.pick-4.4.0.tgz#52f05610fff9ded422611441ed1fc123a03001b3"
  integrity sha1-UvBWEP/53tQiYRRB7R/BI6AwAbM=

lodash.topath@^4.5.2:
  version "4.5.2"
  resolved "https://registry.yarnpkg.com/lodash.topath/-/lodash.topath-4.5.2.tgz#3616351f3bba61994a0931989660bd03254fd009"
  integrity sha1-NhY1Hzu6YZlKCTGYlmC9AyVP0Ak=

lodash@^4.17.2:
  version "4.17.15"
  resolved "https://registry.yarnpkg.com/lodash/-/lodash-4.17.15.tgz#b447f6670a0455bbfeedd11392eff330ea097548"
  integrity sha512-8xOcRHvCjnocdS5cpwXQXVzmmh5e5+saE2QGoeQmbKmRS6J3VQppPOIt0MnmE+4xlZoumy0GPG0D0MVIQbNA1A==

loose-envify@^1.0.0, loose-envify@^1.1.0, loose-envify@^1.4.0:
  version "1.4.0"
  resolved "https://registry.yarnpkg.com/loose-envify/-/loose-envify-1.4.0.tgz#71ee51fa7be4caec1a63839f7e682d8132d30caf"
  integrity sha512-lyuxPGr/Wfhrlem2CL/UcnUc1zcqKAImBDzukY7Y5F/yQiNdko6+fRLevlw1HgMySw7f611UIY408EtxRSoK3Q==
  dependencies:
    js-tokens "^3.0.0 || ^4.0.0"

moment@^2.10.2, moment@^2.24.0, moment@^2.9.0, moment@latest:
  version "2.24.0"
  resolved "https://registry.yarnpkg.com/moment/-/moment-2.24.0.tgz#0d055d53f5052aa653c9f6eb68bb5d12bf5c2b5b"
  integrity sha512-bV7f+6l2QigeBBZSM/6yTNq4P2fNpSWj/0e7jQcy87A8e7o2nAfP/34/2ky5Vw4B9S446EtIhodAzkFCcR4dQg==

ms@2.0.0:
  version "2.0.0"
  resolved "https://registry.yarnpkg.com/ms/-/ms-2.0.0.tgz#5608aeadfc00be6c2901df5f9861788de0d597c8"
  integrity sha1-VgiurfwAvmwpAd9fmGF4jeDVl8g=

nanoid@^2.0.0:
  version "2.0.3"
  resolved "https://registry.yarnpkg.com/nanoid/-/nanoid-2.0.3.tgz#dde999e173bc9d7bd2ee2746b89909ade98e075e"
  integrity sha512-NbaoqdhIYmY6FXDRB4eYtDVC9Z9eCbn8TyaiC16LNKtpPv/aqa0tOPD8y6gNE4yUNnaZ7LLhYtXOev/6+cBtfw==

nicescroll@^3.7.4:
  version "3.7.4"
  resolved "https://registry.yarnpkg.com/nicescroll/-/nicescroll-3.7.4.tgz#8cfd3b58fb95e7c5cb279e2208fc10ea90e35a18"
  integrity sha1-jP07WPuV58XLJ54iCPwQ6pDjWhg=
  dependencies:
    jquery ">=1.8.3"

node-fetch@^1.0.1:
  version "1.7.3"
  resolved "https://registry.yarnpkg.com/node-fetch/-/node-fetch-1.7.3.tgz#980f6f72d85211a5347c6b2bc18c5b84c3eb47ef"
  integrity sha512-NhZ4CsKx7cYm2vSrBAr2PvFOe6sWDf0UYLRqA6svUYg7+/TSfVAu49jYC4BvQ4Sms9SZgdqGBgroqfDhJdTyKQ==
  dependencies:
    encoding "^0.1.11"
    is-stream "^1.0.1"

object-assign@^4.1.0, object-assign@^4.1.1:
  version "4.1.1"
  resolved "https://registry.yarnpkg.com/object-assign/-/object-assign-4.1.1.tgz#2109adc7965887cfc05cbbd442cac8bfbb360863"
  integrity sha1-IQmtx5ZYh8/AXLvUQsrIv7s2CGM=

owl.carousel@^2.3.4:
  version "2.3.4"
  resolved "https://registry.yarnpkg.com/owl.carousel/-/owl.carousel-2.3.4.tgz#6c53dc8d24304b790e4f27a1dc4a655e973ccdc9"
  integrity sha512-JaDss9+feAvEW8KZppPSpllfposEzQiW+Ytt/Xm5t/3CTJ7YVmkh6RkWixoA2yXk2boIwedYxOvrrppIGzru9A==
  dependencies:
    jquery ">=1.8.3"

parse5@^3.0.2:
  version "3.0.3"
  resolved "https://registry.yarnpkg.com/parse5/-/parse5-3.0.3.tgz#042f792ffdd36851551cf4e9e066b3874ab45b5c"
  integrity sha512-rgO9Zg5LLLkfJF9E6CCmXlSE4UVceloys8JrFqCcHloC3usd/kJCyPDwH2SOlzix2j3xaP9sUX3e8+kvkuleAA==
  dependencies:
    "@types/node" "*"

perfect-scrollbar@^1.4.0:
  version "1.4.0"
  resolved "https://registry.yarnpkg.com/perfect-scrollbar/-/perfect-scrollbar-1.4.0.tgz#5d014ef9775e1f43058a1dbae9ed1daf0e7091f1"
  integrity sha512-/2Sk/khljhdrsamjJYS5NjrH+GKEHEwh7zFSiYyxROyYKagkE4kSn2zDQDRTOMo8mpT2jikxx6yI1dG7lNP/hw==

popper.js@^1.0.2, popper.js@^1.14.4, popper.js@^1.14.7, popper.js@latest:
  version "1.15.0"
  resolved "https://registry.yarnpkg.com/popper.js/-/popper.js-1.15.0.tgz#5560b99bbad7647e9faa475c6b8056621f5a4ff2"
  integrity sha512-w010cY1oCUmI+9KwwlWki+r5jxKfTFDVoadl7MSrIujHU5MJ5OR6HTDj6Xo8aoR/QsA56x8jKjA59qGH4ELtrA==

prismjs@^1.15.0:
  version "1.17.1"
  resolved "https://registry.yarnpkg.com/prismjs/-/prismjs-1.17.1.tgz#e669fcbd4cdd873c35102881c33b14d0d68519be"
  integrity sha512-PrEDJAFdUGbOP6xK/UsfkC5ghJsPJviKgnQOoxaDbBjwc8op68Quupwt1DeAFoG8GImPhiKXAvvsH7wDSLsu1Q==
  optionalDependencies:
    clipboard "^2.0.0"

promise-polyfill@^6.0.2:
  version "6.1.0"
  resolved "https://registry.yarnpkg.com/promise-polyfill/-/promise-polyfill-6.1.0.tgz#dfa96943ea9c121fca4de9b5868cb39d3472e057"
  integrity sha1-36lpQ+qcEh/KTem1hoyznTRy4Fc=

promise@^7.1.1:
  version "7.3.1"
  resolved "https://registry.yarnpkg.com/promise/-/promise-7.3.1.tgz#064b72602b18f90f29192b8b1bc418ffd1ebd3bf"
  integrity sha512-nolQXZ/4L+bP/UGlkfaIujX9BKxGwmQ9OT4mOt5yvy8iK1h3wqTEJCijzGANTCCl9nWjY41juyAn2K3Q1hLLTg==
  dependencies:
    asap "~2.0.3"

prop-types-extra@^1.0.1:
  version "1.1.0"
  resolved "https://registry.yarnpkg.com/prop-types-extra/-/prop-types-extra-1.1.0.tgz#32609910ea2dcf190366bacd3490d5a6412a605f"
  integrity sha512-QFyuDxvMipmIVKD2TwxLVPzMnO4e5oOf1vr3tJIomL8E7d0lr6phTHd5nkPhFIzTD1idBLLEPeylL9g+rrTzRg==
  dependencies:
    react-is "^16.3.2"
    warning "^3.0.0"

prop-types@^15, prop-types@^15.5.10, prop-types@^15.5.8, prop-types@^15.6.0, prop-types@^15.6.1, prop-types@^15.6.2:
  version "15.7.2"
  resolved "https://registry.yarnpkg.com/prop-types/-/prop-types-15.7.2.tgz#52c41e75b8c87e72b9d9360e0206b99dcbffa6c5"
  integrity sha512-8QQikdH7//R2vurIJSutZ1smHYTcLpRWEOlHnzcWHmBYrOGUysKwSsrC89BCiFj3CbrfJ/nXFdJepOVrY1GCHQ==
  dependencies:
    loose-envify "^1.4.0"
    object-assign "^4.1.1"
    react-is "^16.8.1"

punycode@^2.1.0:
  version "2.1.1"
  resolved "https://registry.yarnpkg.com/punycode/-/punycode-2.1.1.tgz#b58b010ac40c22c5657616c8d2c2c02c7bf479ec"
  integrity sha512-XRsRjdf+j5ml+y/6GKHPZbrF/8p2Yga0JPtdqTIY2Xe5ohJPD9saDJJLPvp9+NSBprVvevdXZybnj2cv8OEd0A==

react-attr-converter@^0.3.1:
  version "0.3.1"
  resolved "https://registry.yarnpkg.com/react-attr-converter/-/react-attr-converter-0.3.1.tgz#4a2abf6d907b7ddae4d862dfec80e489ce41ad6e"
  integrity sha512-dSxo2Mn6Zx4HajeCeQNLefwEO4kNtV/0E682R1+ZTyFRPqxDa5zYb5qM/ocqw9Bxr/kFQO0IUiqdV7wdHw+Cdg==

react-bootstrap-table@^4:
  version "4.3.1"
  resolved "https://registry.yarnpkg.com/react-bootstrap-table/-/react-bootstrap-table-4.3.1.tgz#f704be55b7f6bf0557d2fc5bec6d25fd307d0cde"
  integrity sha1-9wS+Vbf2vwVX0vxb7G0l/TB9DN4=
  dependencies:
    classnames "^2.1.2"
    prop-types "^15.5.10"
    react-modal "^3.1.7"
    react-s-alert "^1.3.2"

react-bootstrap-typeahead@latest:
  version "3.4.6"
  resolved "https://registry.yarnpkg.com/react-bootstrap-typeahead/-/react-bootstrap-typeahead-3.4.6.tgz#8b8adf0c941a7fcea06d6577af66dd4afa204e5b"
  integrity sha512-4oLosgG1CpPrPWljb755YigymybnghfWL9pRpaU+5uXs+GH3/f/gRMFh/GNLV2egd8iAZgy3MFhyUIKe6WZs2Q==
  dependencies:
    classnames "^2.2.0"
    create-react-context "^0.2.3"
    escape-string-regexp "^1.0.5"
    invariant "^2.2.1"
    lodash "^4.17.2"
    prop-types "^15.5.8"
    prop-types-extra "^1.0.1"
    react-overlays "^0.8.1"
    react-popper "^1.0.0"
    warning "^4.0.1"

react-day-picker@latest:
  version "7.3.2"
  resolved "https://registry.yarnpkg.com/react-day-picker/-/react-day-picker-7.3.2.tgz#b9b9b0000ba53b2c9df9bccb79664862aba6b60a"
  integrity sha512-mij2j2Un/v2V2ow+hf/hFBMdl6Eis/C/YhBtlI6Xpbvh3Q6WMix78zEkCdw6i9GldafOrpnupWKofv/h5oSI4g==
  dependencies:
    prop-types "^15.6.2"

react-dom@^16:
  version "16.9.0"
  resolved "https://registry.yarnpkg.com/react-dom/-/react-dom-16.9.0.tgz#5e65527a5e26f22ae3701131bcccaee9fb0d3962"
  integrity sha512-YFT2rxO9hM70ewk9jq0y6sQk8cL02xm4+IzYBz75CQGlClQQ1Bxq0nhHF6OtSbit+AIahujJgb/CPRibFkMNJQ==
  dependencies:
    loose-envify "^1.1.0"
    object-assign "^4.1.1"
    prop-types "^15.6.2"
    scheduler "^0.15.0"

react-draft-wysiwyg@^1.12.13:
  version "1.13.2"
  resolved "https://registry.yarnpkg.com/react-draft-wysiwyg/-/react-draft-wysiwyg-1.13.2.tgz#1fc4130d057f0e731386bf831acca71108141899"
  integrity sha512-qENNISR+bxO6G/ThTD6cai+LGrzkiGt6Fx9mqecJGPmyTIYVE5odsO7yEQVNBpZhgr5TvHAvwm3IoamcuFanDw==
  dependencies:
    classnames "^2.2.5"
    draftjs-utils "^0.9.3"
    html-to-draftjs "^1.4.0"
    linkify-it "^2.0.3"
    prop-types "^15.6.0"

react-is@^16.3.2, react-is@^16.8.1, react-is@^16.8.4:
  version "16.9.0"
  resolved "https://registry.yarnpkg.com/react-is/-/react-is-16.9.0.tgz#21ca9561399aad0ff1a7701c01683e8ca981edcb"
  integrity sha512-tJBzzzIgnnRfEm046qRcURvwQnZVXmuCbscxUO5RWrGTXpon2d4c8mI0D8WE6ydVIm29JiLB6+RslkIvym9Rjw==

react-jsonschema-form-extras@latest:
  version "0.9.44"
  resolved "https://registry.yarnpkg.com/react-jsonschema-form-extras/-/react-jsonschema-form-extras-0.9.44.tgz#403886866e17ffb5ce5725c22bd58eb6a77ec168"
  integrity sha512-V1nnLI7KUedieh6zWmA6jsFD008+UFxKYipopChe9sVhNcsLb25wHauMGD6+tDPNzKsnVWKT7hr6FN3iZCtEdQ==
  dependencies:
    classnames "^2.2.6"
    draftjs-to-html "^0.8.4"
    es6-shim "^0.35.5"
    html-to-draftjs "^1.4.0"
    lodash.debounce "^4.0.8"
    react-draft-wysiwyg "^1.12.13"
    react-render-html "^0.6.0"
    selectn "^1.1.2"

react-jsonschema-form@latest:
  version "1.7.0"
  resolved "https://registry.yarnpkg.com/react-jsonschema-form/-/react-jsonschema-form-1.7.0.tgz#c2779886c56c4bab25d54e2dec76d24b384d2d73"
  integrity sha512-h0cPf02SzhY85nCe8C8nbR0fPUgfXAPTrv14yWuGDiti+QNcdF1taO8nIo8LO6ze9GeJVs/MN6AipmS4kB81mA==
  dependencies:
    "@babel/runtime-corejs2" "^7.4.5"
    ajv "^6.7.0"
    core-js "^2.5.7"
    lodash.get "^4.4.2"
    lodash.pick "^4.4.0"
    lodash.topath "^4.5.2"
    prop-types "^15.5.8"
    react-is "^16.8.4"
    react-lifecycles-compat "^3.0.4"
    shortid "^2.2.14"

react-lifecycles-compat@^3.0.0, react-lifecycles-compat@^3.0.4:
  version "3.0.4"
  resolved "https://registry.yarnpkg.com/react-lifecycles-compat/-/react-lifecycles-compat-3.0.4.tgz#4f1a273afdfc8f3488a8c516bfda78f872352362"
  integrity sha512-fBASbA6LnOU9dOU2eW7aQ8xmYBSXUIWr+UmF9b1efZBazGNO+rcXT/icdKnYm2pTwcRylVUYwW7H1PHfLekVzA==

react-modal@^3.1.7:
  version "3.9.1"
  resolved "https://registry.yarnpkg.com/react-modal/-/react-modal-3.9.1.tgz#82ce53d110eea0d8f028f3315ef336d0baffa9b9"
  integrity sha512-k+TUkhGWpIVHLsEyjNmlyOYL0Uz03fNZvlkhCImd1h+6fhNgTi6H6jexVXPVhD2LMMDzJyfugxMN+APN/em+eQ==
  dependencies:
    exenv "^1.2.0"
    prop-types "^15.5.10"
    react-lifecycles-compat "^3.0.0"
    warning "^4.0.3"

react-overlays@^0.8.1:
  version "0.8.3"
  resolved "https://registry.yarnpkg.com/react-overlays/-/react-overlays-0.8.3.tgz#fad65eea5b24301cca192a169f5dddb0b20d3ac5"
  integrity sha512-h6GT3jgy90PgctleP39Yu3eK1v9vaJAW73GOA/UbN9dJ7aAN4BTZD6793eI1D5U+ukMk17qiqN/wl3diK1Z5LA==
  dependencies:
    classnames "^2.2.5"
    dom-helpers "^3.2.1"
    prop-types "^15.5.10"
    prop-types-extra "^1.0.1"
    react-transition-group "^2.2.0"
    warning "^3.0.0"

react-popper@^1.0.0:
  version "1.3.4"
  resolved "https://registry.yarnpkg.com/react-popper/-/react-popper-1.3.4.tgz#f0cd3b0d30378e1f663b0d79bcc8614221652ced"
  integrity sha512-9AcQB29V+WrBKk6X7p0eojd1f25/oJajVdMZkywIoAV6Ag7hzE1Mhyeup2Q1QnvFRtGQFQvtqfhlEoDAPfKAVA==
  dependencies:
    "@babel/runtime" "^7.1.2"
    create-react-context "^0.3.0"
    popper.js "^1.14.4"
    prop-types "^15.6.1"
    typed-styles "^0.0.7"
    warning "^4.0.2"

react-render-html@^0.6.0:
  version "0.6.0"
  resolved "https://registry.yarnpkg.com/react-render-html/-/react-render-html-0.6.0.tgz#1af51d859ed75474435a1c65c293a48e12c36627"
  integrity sha512-F9Xn8Iy2oJvepMdDrN+XUPOwqv3ni856ikuvu/dyJ2guozN01vF0C55Ja+CQfnziQNlLevSVXzuQKYa/mhyjAQ==
  dependencies:
    parse5 "^3.0.2"
    react-attr-converter "^0.3.1"

react-rte@^0.16:
  version "0.16.1"
  resolved "https://registry.yarnpkg.com/react-rte/-/react-rte-0.16.1.tgz#e345664c87e992d15ec053b406f51ffac6e86622"
  integrity sha512-CD5kf+6CHqOgJ1yB0i9tkMMch13wOXW5/FQx60gb7nzhXC1ZeFJjtW9dYfCVlfw1AvksHf+lMmKTjhIwyfZR7w==
  dependencies:
    babel-runtime "^6.23.0"
    class-autobind "^0.1.4"
    classnames "^2.2.5"
    draft-js ">=0.10.0"
    draft-js-export-html ">=0.6.0"
    draft-js-export-markdown ">=0.3.0"
    draft-js-import-html ">=0.4.0"
    draft-js-import-markdown ">=0.3.0"
    draft-js-utils ">=0.2.0"
    immutable "^3.8.1"

react-s-alert@^1.3.2:
  version "1.4.1"
  resolved "https://registry.yarnpkg.com/react-s-alert/-/react-s-alert-1.4.1.tgz#ef3665a9d98c4cf2e448fc2d84e48aeca799bb5a"
  integrity sha512-+cSpVPe6YeGklhlo7zbVlB0Z6jdiU9HPmEVzp5nIhNm9lvdL7rVO2Jx09pCwT99GmODyoN0iNhbQku6r7six8A==
  dependencies:
    babel-runtime "^6.23.0"

react-transition-group@^2.2.0:
  version "2.9.0"
  resolved "https://registry.yarnpkg.com/react-transition-group/-/react-transition-group-2.9.0.tgz#df9cdb025796211151a436c69a8f3b97b5b07c8d"
  integrity sha512-+HzNTCHpeQyl4MJ/bdE0u6XRMe9+XG/+aL4mCxVN4DnPBQ0/5bfHWPDuOZUzYdMj94daZaZdCCc1Dzt9R/xSSg==
  dependencies:
    dom-helpers "^3.4.0"
    loose-envify "^1.4.0"
    prop-types "^15.6.2"
    react-lifecycles-compat "^3.0.4"

react@latest:
  version "16.9.0"
  resolved "https://registry.yarnpkg.com/react/-/react-16.9.0.tgz#40ba2f9af13bc1a38d75dbf2f4359a5185c4f7aa"
  integrity sha512-+7LQnFBwkiw+BobzOF6N//BdoNw0ouwmSJTEm9cglOOmsg/TMiFHZLe2sEoN5M7LgJTj9oHH0gxklfnQe66S1w==
  dependencies:
    loose-envify "^1.1.0"
    object-assign "^4.1.1"
    prop-types "^15.6.2"

regenerator-runtime@^0.11.0:
  version "0.11.1"
  resolved "https://registry.yarnpkg.com/regenerator-runtime/-/regenerator-runtime-0.11.1.tgz#be05ad7f9bf7d22e056f9726cee5017fbf19e2e9"
  integrity sha512-MguG95oij0fC3QV3URf4V2SDYGJhJnJGqvIIgdECeODCT98wSWDAJ94SSuVpYQUoTcGUIL6L4yNB7j1DFFHSBg==

regenerator-runtime@^0.13.2:
  version "0.13.3"
  resolved "https://registry.yarnpkg.com/regenerator-runtime/-/regenerator-runtime-0.13.3.tgz#7cf6a77d8f5c6f60eb73c5fc1955b2ceb01e6bf5"
  integrity sha512-naKIZz2GQ8JWh///G7L3X6LaQUAMp2lvb1rvwwsURe/VXwD6VMfr+/1NuNw3ag8v2kY1aQ/go5SNn79O9JU7yw==

"safer-buffer@>= 2.1.2 < 3":
  version "2.1.2"
  resolved "https://registry.yarnpkg.com/safer-buffer/-/safer-buffer-2.1.2.tgz#44fa161b0187b9549dd84bb91802f9bd8385cd6a"
  integrity sha512-YZo3K82SD7Riyi0E1EQPojLz7kpepnSQI9IyPbHHg1XXXevb5dJI7tpyN2ADxGcQbHG7vcyRHk0cbwqcQriUtg==

scheduler@^0.15.0:
  version "0.15.0"
  resolved "https://registry.yarnpkg.com/scheduler/-/scheduler-0.15.0.tgz#6bfcf80ff850b280fed4aeecc6513bc0b4f17f8e"
  integrity sha512-xAefmSfN6jqAa7Kuq7LIJY0bwAPG3xlCj0HMEBQk1lxYiDKZscY2xJ5U/61ZTrYbmNQbXa+gc7czPkVo11tnCg==
  dependencies:
    loose-envify "^1.1.0"
    object-assign "^4.1.1"

select2@^4.0.6-rc.1:
  version "4.0.8"
  resolved "https://registry.yarnpkg.com/select2/-/select2-4.0.8.tgz#3773bec1e5b96620ed98ca5ded53c0da47e7753f"
  integrity sha512-H/I2mq71oiEe51S74hdUv4QubH1EJNLEMnjfQucftLa8GiuT5+RKIHwlV/7I/YUqZg0wsYQM946eFG/ntRPF/Q==

select@^1.1.2:
  version "1.1.2"
  resolved "https://registry.yarnpkg.com/select/-/select-1.1.2.tgz#0e7350acdec80b1108528786ec1d4418d11b396d"
  integrity sha1-DnNQrN7ICxEIUoeG7B1EGNEbOW0=

selectn@^1.1.2:
  version "1.1.2"
  resolved "https://registry.yarnpkg.com/selectn/-/selectn-1.1.2.tgz#fc8acd91df3f45acb01891c6773ae529851d6b17"
  integrity sha1-/IrNkd8/RaywGJHGdzrlKYUdaxc=
  dependencies:
    brackets2dots "^1.1.0"
    curry2 "^1.0.0"
    debug "^2.5.2"
    dotsplit.js "^1.0.3"

selectric@^1.13.0:
  version "1.13.0"
  resolved "https://registry.yarnpkg.com/selectric/-/selectric-1.13.0.tgz#7ce8a750078bb6d1c44347216cae5610e2440985"
  integrity sha512-kb1iOLBTvg0EiVieJjXlFj07RTKoom0a3/SedWD1tuQ47N2S9l4gvkhTvGhhhhdh/zCgkbZ44/GiczT8dWfAGA==
  dependencies:
    jquery "^3.1.1"

setimmediate@^1.0.5:
  version "1.0.5"
  resolved "https://registry.yarnpkg.com/setimmediate/-/setimmediate-1.0.5.tgz#290cbb232e306942d7d7ea9b83732ab7856f8285"
  integrity sha1-KQy7Iy4waULX1+qbg3Mqt4VvgoU=

shortid@^2.2.14:
  version "2.2.14"
  resolved "https://registry.yarnpkg.com/shortid/-/shortid-2.2.14.tgz#80db6aafcbc3e3a46850b3c88d39e051b84c8d18"
  integrity sha512-4UnZgr9gDdA1kaKj/38IiudfC3KHKhDc1zi/HSxd9FQDR0VLwH3/y79tZJLsVYPsJgIjeHjqIWaWVRJUj9qZOQ==
  dependencies:
    nanoid "^2.0.0"

simpleweather@^3.1.0:
  version "3.1.0"
  resolved "https://registry.yarnpkg.com/simpleweather/-/simpleweather-3.1.0.tgz#d2a11d22cc2a33abd2d1f7f9227ba80b9c92d944"
  integrity sha1-0qEdIswqM6vS0ff5InuoC5yS2UQ=

sticky-kit@^1.1.3:
  version "1.1.3"
  resolved "https://registry.yarnpkg.com/sticky-kit/-/sticky-kit-1.1.3.tgz#dab5ace49b462cf6d4969b1d58e639fc01377570"
  integrity sha1-2rWs5JtGLPbUlpsdWOY5/AE3dXA=

stisla@latest:
  version "2.3.0"
  resolved "https://registry.yarnpkg.com/stisla/-/stisla-2.3.0.tgz#79de5a275a57c1543780ab2f5949c0b9c9e64993"
  integrity sha512-b2tNqnJlKce4rA7deIpDvMnjHDjln9dsgYOY5h4jGpDyoie5x8THtgMOVHy6USHRDV4NgsuaVwaBq6tg9gOUtQ==
  dependencies:
    "@fortawesome/fontawesome-free" "^5.7.2"
    bootstrap "^4.2.1"
    bootstrap-colorpicker "^3.0.3"
    bootstrap-daterangepicker "^3.0.3"
    bootstrap-social "^5.1.1"
    bootstrap-tagsinput "^0.7.1"
    bootstrap-timepicker "^0.5.2"
    chart.js "^2.7.3"
    chocolat "^0.4.21"
    cleave.js "^1.4.7"
    codemirror "^5.43.0"
    datatables "^1.10.18"
    datatables.net-responsive-bs4 "^2.2.3"
    datatables.net-select-bs4 "^1.2.7"
    dropzone "^5.5.1"
    flag-icon-css "^3.2.1"
    fullcalendar "^3.10.0"
    gmaps "^0.4.24"
    ionicons201 "1.0.0"
    izitoast "^1.4.0"
    jquery "^3.3.1"
    jquery-pwstrength "https://github.com/matoilic/jquery.pwstrength"
    jquery-sparkline "^2.4.0"
    jquery-ui-dist "^1.12.1"
    jquery.nicescroll "^3.7.6"
    jquery_upload_preview "https://github.com/opoloo/jquery_upload_preview"
    jqvmap "https://github.com/10bestdesign/jqvmap"
    moment "^2.24.0"
    nicescroll "^3.7.4"
    owl.carousel "^2.3.4"
    perfect-scrollbar "^1.4.0"
    popper.js "^1.14.7"
    prismjs "^1.15.0"
    select2 "^4.0.6-rc.1"
    selectric "^1.13.0"
    simpleweather "^3.1.0"
    sticky-kit "^1.1.3"
    summernote "^0.8.11"
    sweetalert "^2.1.2"
    tooltip.js "^1.3.1"
    weathericons "^2.1.0"

summernote@^0.8.11:
  version "0.8.12"
  resolved "https://registry.yarnpkg.com/summernote/-/summernote-0.8.12.tgz#563502ed882abde9daab9db1e7eba330d37ac020"
  integrity sha512-RVEJoIyztwPpopTwZvjag1WOvbmhUGFe6Mc9RADzzcX1ogG8pIXCB88icu/vjNYihITrzj2zZsoFMcDRHSlhEA==

sweetalert@^2.1.2:
  version "2.1.2"
  resolved "https://registry.yarnpkg.com/sweetalert/-/sweetalert-2.1.2.tgz#010baaa80d0dbdc86f96bfcaa96b490728594b79"
  integrity sha512-iWx7X4anRBNDa/a+AdTmvAzQtkN1+s4j/JJRWlHpYE8Qimkohs8/XnFcWeYHH2lMA8LRCa5tj2d244If3S/hzA==
  dependencies:
    es6-object-assign "^1.1.0"
    promise-polyfill "^6.0.2"

synthetic-dom@^1.4.0:
  version "1.4.0"
  resolved "https://registry.yarnpkg.com/synthetic-dom/-/synthetic-dom-1.4.0.tgz#d988d7a4652458e2fc8706a875417af913e4dd34"
  integrity sha512-mHv51ZsmZ+ShT/4s5kg+MGUIhY7Ltq4v03xpN1c8T1Krb5pScsh/lzEjyhrVD0soVDbThbd2e+4dD9vnDG4rhg==

tiny-emitter@^2.0.0:
  version "2.1.0"
  resolved "https://registry.yarnpkg.com/tiny-emitter/-/tiny-emitter-2.1.0.tgz#1d1a56edfc51c43e863cbb5382a72330e3555423"
  integrity sha512-NB6Dk1A9xgQPMoGqC5CVXn123gWyte215ONT5Pp5a0yt4nlEoO1ZWeCwpncaekPHXO60i47ihFnZPiRPjRMq4Q==

tooltip.js@^1.3.1:
  version "1.3.2"
  resolved "https://registry.yarnpkg.com/tooltip.js/-/tooltip.js-1.3.2.tgz#ccfe450ffd7332ce5f254033778649526c1db542"
  integrity sha512-DeDr9JxYx/lSvQ53ZCRFLxXrmrSyU3fLz6k+ITUTw69AIYtpWij/NmOJQscJ7BwY5lcEwWJWSfqqQWVvTMYZiw==
  dependencies:
    popper.js "^1.0.2"

typed-styles@^0.0.7:
  version "0.0.7"
  resolved "https://registry.yarnpkg.com/typed-styles/-/typed-styles-0.0.7.tgz#93392a008794c4595119ff62dde6809dbc40a3d9"
  integrity sha512-pzP0PWoZUhsECYjABgCGQlRGL1n7tOHsgwYv3oIiEpJwGhFTuty/YNeduxQYzXXa3Ge5BdT6sHYIQYpl4uJ+5Q==

ua-parser-js@^0.7.18:
  version "0.7.20"
  resolved "https://registry.yarnpkg.com/ua-parser-js/-/ua-parser-js-0.7.20.tgz#7527178b82f6a62a0f243d1f94fd30e3e3c21098"
  integrity sha512-8OaIKfzL5cpx8eCMAhhvTlft8GYF8b2eQr6JkCyVdrgjcytyOmPCXrqXFcUnhonRpLlh5yxEZVohm6mzaowUOw==

uc.micro@^1.0.1:
  version "1.0.6"
  resolved "https://registry.yarnpkg.com/uc.micro/-/uc.micro-1.0.6.tgz#9c411a802a409a91fc6cf74081baba34b24499ac"
  integrity sha512-8Y75pvTYkLJW2hWQHXxoqRgV7qb9B+9vFEtidML+7koHUFapnVJAZ6cKs+Qjz5Aw3aZWHMC6u0wJE3At+nSGwA==

uri-js@^4.2.2:
  version "4.2.2"
  resolved "https://registry.yarnpkg.com/uri-js/-/uri-js-4.2.2.tgz#94c540e1ff772956e2299507c010aea6c8838eb0"
  integrity sha512-KY9Frmirql91X2Qgjry0Wd4Y+YTdrdZheS8TFwvkbLWf/G5KNJDCh6pKL5OZctEW4+0Baa5idK2ZQuELRwPznQ==
  dependencies:
    punycode "^2.1.0"

warning@^3.0.0:
  version "3.0.0"
  resolved "https://registry.yarnpkg.com/warning/-/warning-3.0.0.tgz#32e5377cb572de4ab04753bdf8821c01ed605b7c"
  integrity sha1-MuU3fLVy3kqwR1O9+IIcAe1gW3w=
  dependencies:
    loose-envify "^1.0.0"

warning@^4.0.1, warning@^4.0.2, warning@^4.0.3:
  version "4.0.3"
  resolved "https://registry.yarnpkg.com/warning/-/warning-4.0.3.tgz#16e9e077eb8a86d6af7d64aa1e05fd85b4678ca3"
  integrity sha512-rpJyN222KWIvHJ/F53XSZv0Zl/accqHR8et1kpaMTD/fLCRxtV8iX8czMzY7sVZupTI3zcUTg8eycS2kNF9l6w==
  dependencies:
    loose-envify "^1.0.0"

weathericons@^2.1.0:
  version "2.1.0"
  resolved "https://registry.yarnpkg.com/weathericons/-/weathericons-2.1.0.tgz#7453a1a35e200245e389fb5077d527eff30b73b4"
  integrity sha1-dFOho14gAkXjiftQd9Un7/MLc7Q=

whatwg-fetch@>=0.10.0:
  version "3.0.0"
  resolved "https://registry.yarnpkg.com/whatwg-fetch/-/whatwg-fetch-3.0.0.tgz#fc804e458cc460009b1a2b966bc8817d2578aefb"
  integrity sha512-9GSJUgz1D4MfyKU7KRqwOjXCXTqWdFNvEr7eUBYchQiVc744mqK/MzXPNR2WsPkmkOa4ywfg8C2n8h+13Bey1Q==
